
Microsoft Visual Studio Solution File, Format Version 12.00
# Visual Studio Version 17
VisualStudioVersion = 17.4.33213.308
MinimumVisualStudioVersion = 10.0.40219.1
Project("{9A19103F-16F7-4668-BE54-9A1E7A4F7556}") = "NebulaEditor.Desktop", "Editor\NebulaEditor.Desktop\NebulaEditor.Desktop.csproj", "{DB017C9D-6E1A-46EA-940E-5EBE0D122A0D}"
EndProject
Project("{9A19103F-16F7-4668-BE54-9A1E7A4F7556}") = "NebulaEditor", "Editor\NebulaEditor\NebulaEditor.csproj", "{648172D9-C82E-4D5B-B6F1-7875AFD81402}"
	ProjectSection(ProjectDependencies) = postProject
		{20F8F450-F420-4850-9198-460966F00CB9} = {20F8F450-F420-4850-9198-460966F00CB9}
		{87D1E012-504B-4437-B025-0A4AEFE8C1F2} = {87D1E012-504B-4437-B025-0A4AEFE8C1F2}
	EndProjectSection
EndProject
Project("{8BC9CEB8-8B4A-11D0-8D11-00A0C91BC942}") = "Core.Infra", "Core\Core.Infra\Core.Infra.vcxproj", "{47AB1DD6-11A7-4F0E-81F5-67AF87BF3810}"
	ProjectSection(ProjectDependencies) = postProject
		{C61B3339-5A4D-3300-B784-15D38AF87EDA} = {C61B3339-5A4D-3300-B784-15D38AF87EDA}
	EndProjectSection
EndProject
Project("{9A19103F-16F7-4668-BE54-9A1E7A4F7556}") = "Serialization", "Serialization\Serialization\Serialization.csproj", "{20F8F450-F420-4850-9198-460966F00CB9}"
EndProject
Project("{9A19103F-16F7-4668-BE54-9A1E7A4F7556}") = "SerializationTest", "Serialization\SerializationTest\SerializationTest.csproj", "{E8D701E4-CD52-428A-82B0-28F4E21F3CBC}"
	ProjectSection(ProjectDependencies) = postProject
		{20F8F450-F420-4850-9198-460966F00CB9} = {20F8F450-F420-4850-9198-460966F00CB9}
	EndProjectSection
EndProject
Project("{9A19103F-16F7-4668-BE54-9A1E7A4F7556}") = "LoudnessMeter", "Samples\Avalonia\LoudnessMeter\LoudnessMeter.csproj", "{B3F98EDE-0E2A-4964-A833-071C1DA5FDAE}"
EndProject
Project("{9A19103F-16F7-4668-BE54-9A1E7A4F7556}") = "LoudnessMeter.Desktop", "Samples\Avalonia\LoudnessMeter.Desktop\LoudnessMeter.Desktop.csproj", "{41D484D5-15DE-46E6-ADEF-EDAF0E74FF04}"
EndProject
Project("{2150E333-8FDC-42A3-9474-1A3956D46DE8}") = "00-Editor", "00-Editor", "{0A186367-E6BE-4429-9F4D-399843A4716E}"
EndProject
Project("{2150E333-8FDC-42A3-9474-1A3956D46DE8}") = "02-Serialization", "02-Serialization", "{7A79CBE3-B2CB-4E81-A760-E1EDD38D0CA5}"
EndProject
Project("{2150E333-8FDC-42A3-9474-1A3956D46DE8}") = "01-Core", "01-Core", "{9082B97A-9A87-497B-9D0C-2CD2CC3B24F0}"
EndProject
Project("{2150E333-8FDC-42A3-9474-1A3956D46DE8}") = "Samples", "Samples", "{9A82FA03-4BA5-4CE4-9D2A-16E3AB5F506B}"
EndProject
Project("{2150E333-8FDC-42A3-9474-1A3956D46DE8}") = "Rendering", "Rendering", "{66B84056-273F-4AF5-A312-0A87A63A3352}"
EndProject
Project("{2150E333-8FDC-42A3-9474-1A3956D46DE8}") = "Vulkan", "Vulkan", "{4F3D1871-5107-415C-8459-448FAC933386}"
EndProject
Project("{2150E333-8FDC-42A3-9474-1A3956D46DE8}") = "Avalonia", "Avalonia", "{29FE6F04-6094-404A-9773-F4F27228EEEC}"
EndProject
Project("{2150E333-8FDC-42A3-9474-1A3956D46DE8}") = "DX12", "DX12", "{EC8AC45D-56AE-4394-AF66-CE62808F29CA}"
EndProject
Project("{2150E333-8FDC-42A3-9474-1A3956D46DE8}") = "Metal", "Metal", "{4FA73163-AAC3-40D3-BFBE-BC3BF668B2D1}"
EndProject
Project("{2150E333-8FDC-42A3-9474-1A3956D46DE8}") = "03-3rdparty", "03-3rdparty", "{457B3F2F-ABC8-49A4-954D-CF1A41F2FAD8}"
EndProject
Project("{8BC9CEB8-8B4A-11D0-8D11-00A0C91BC942}") = "IApplication", "Samples\Rendering\Common\IApplication\IApplication.vcxproj", "{029A9F78-2549-46FF-B365-4266A535E6E4}"
EndProject
Project("{2150E333-8FDC-42A3-9474-1A3956D46DE8}") = "Common", "Common", "{DDE1C704-41D1-48DC-A5BD-AC839AE6B75B}"
EndProject
Project("{8BC9CEB8-8B4A-11D0-8D11-00A0C91BC942}") = "VulkanApplication", "Samples\Rendering\Vulkan\VulkanApplication\VulkanApplication.vcxproj", "{0E400837-67C8-4794-A79F-C912527EB0F8}"
	ProjectSection(ProjectDependencies) = postProject
		{029A9F78-2549-46FF-B365-4266A535E6E4} = {029A9F78-2549-46FF-B365-4266A535E6E4}
	EndProjectSection
EndProject
Project("{2150E333-8FDC-42A3-9474-1A3956D46DE8}") = "Shader", "Shader", "{42B32F92-7B49-4D45-8F10-46B17E294C82}"
EndProject
Project("{2150E333-8FDC-42A3-9474-1A3956D46DE8}") = "GLSL", "GLSL", "{7A9416FA-8A5E-4B9F-B941-784F3B3BA51C}"
	ProjectSection(SolutionItems) = preProject
		Samples\Rendering\Shader\GLSL\SimpleTriangle.frag = Samples\Rendering\Shader\GLSL\SimpleTriangle.frag
		Samples\Rendering\Shader\GLSL\SimpleTriangle.vert = Samples\Rendering\Shader\GLSL\SimpleTriangle.vert
	EndProjectSection
EndProject
Project("{2150E333-8FDC-42A3-9474-1A3956D46DE8}") = "Others", "Others", "{16C71F54-E749-4A45-9CED-58C2251F4B7F}"
EndProject
Project("{2150E333-8FDC-42A3-9474-1A3956D46DE8}") = "01-Engine", "01-Engine", "{5B56BE34-C812-4C7E-9522-37668F1C3ECC}"
EndProject
Project("{9A19103F-16F7-4668-BE54-9A1E7A4F7556}") = "NebulaEngine", "Engine\NebulaEngine\NebulaEngine.csproj", "{87D1E012-504B-4437-B025-0A4AEFE8C1F2}"
	ProjectSection(ProjectDependencies) = postProject
		{0A15349B-BF8C-4F8A-BEF6-1F6BA631690B} = {0A15349B-BF8C-4F8A-BEF6-1F6BA631690B}
		{20F8F450-F420-4850-9198-460966F00CB9} = {20F8F450-F420-4850-9198-460966F00CB9}
		{2559850E-93EB-4095-AC4B-6E94F1DD40C0} = {2559850E-93EB-4095-AC4B-6E94F1DD40C0}
		{38F10E99-94B2-4DF2-80F2-3DD7319728A4} = {38F10E99-94B2-4DF2-80F2-3DD7319728A4}
		{47AB1DD6-11A7-4F0E-81F5-67AF87BF3810} = {47AB1DD6-11A7-4F0E-81F5-67AF87BF3810}
		{53325655-FD23-4EB2-A353-F61425888374} = {53325655-FD23-4EB2-A353-F61425888374}
		{8B80DBDF-A0B9-46E2-865B-4D42A092BD15} = {8B80DBDF-A0B9-46E2-865B-4D42A092BD15}
		{CAA51B31-2B28-4C37-BB66-FA85762AAF8F} = {CAA51B31-2B28-4C37-BB66-FA85762AAF8F}
	EndProjectSection
EndProject
Project("{8BC9CEB8-8B4A-11D0-8D11-00A0C91BC942}") = "Engine", "Engine\Engine\Engine.vcxproj", "{2559850E-93EB-4095-AC4B-6E94F1DD40C0}"
	ProjectSection(ProjectDependencies) = postProject
		{0A15349B-BF8C-4F8A-BEF6-1F6BA631690B} = {0A15349B-BF8C-4F8A-BEF6-1F6BA631690B}
		{38F10E99-94B2-4DF2-80F2-3DD7319728A4} = {38F10E99-94B2-4DF2-80F2-3DD7319728A4}
	EndProjectSection
EndProject
Project("{2150E333-8FDC-42A3-9474-1A3956D46DE8}") = "Test", "Test", "{E946E1B7-0807-428B-85E1-7BC144572024}"
EndProject
Project("{9A19103F-16F7-4668-BE54-9A1E7A4F7556}") = "WindowHostTest", "Test\WindowHostTest\WindowHostTest.csproj", "{36AEF810-29B4-48CB-BEC7-672176AB1E46}"
EndProject
Project("{9A19103F-16F7-4668-BE54-9A1E7A4F7556}") = "WindowHostTest.Desktop", "Test\WindowHostTest.Desktop\WindowHostTest.Desktop.csproj", "{A5B71710-1069-4FC2-8032-C234E0B90BC0}"
EndProject
Project("{8BC9CEB8-8B4A-11D0-8D11-00A0C91BC942}") = "RHI.Vulkan", "Core\RHI.Vulkan\RHI.Vulkan.vcxproj", "{8B80DBDF-A0B9-46E2-865B-4D42A092BD15}"
	ProjectSection(ProjectDependencies) = postProject
		{47AB1DD6-11A7-4F0E-81F5-67AF87BF3810} = {47AB1DD6-11A7-4F0E-81F5-67AF87BF3810}
	EndProjectSection
EndProject
Project("{8BC9CEB8-8B4A-11D0-8D11-00A0C91BC942}") = "RHI.DX12", "Core\RHI.DX12\RHI.DX12.vcxproj", "{CAA51B31-2B28-4C37-BB66-FA85762AAF8F}"
	ProjectSection(ProjectDependencies) = postProject
		{47AB1DD6-11A7-4F0E-81F5-67AF87BF3810} = {47AB1DD6-11A7-4F0E-81F5-67AF87BF3810}
	EndProjectSection
EndProject
Project("{8BC9CEB8-8B4A-11D0-8D11-00A0C91BC942}") = "RHI.OpenGL", "Core\RHI.OpenGL\RHI.OpenGL.vcxproj", "{53325655-FD23-4EB2-A353-F61425888374}"
	ProjectSection(ProjectDependencies) = postProject
		{47AB1DD6-11A7-4F0E-81F5-67AF87BF3810} = {47AB1DD6-11A7-4F0E-81F5-67AF87BF3810}
	EndProjectSection
EndProject
Project("{8BC9CEB8-8B4A-11D0-8D11-00A0C91BC942}") = "RHIDLLLoadingTest", "Test\RHIDLLLoadingTest\RHIDLLLoadingTest.vcxproj", "{9C785013-4B86-4CD4-836C-B5A2D2A9C6EC}"
	ProjectSection(ProjectDependencies) = postProject
		{47AB1DD6-11A7-4F0E-81F5-67AF87BF3810} = {47AB1DD6-11A7-4F0E-81F5-67AF87BF3810}
		{53325655-FD23-4EB2-A353-F61425888374} = {53325655-FD23-4EB2-A353-F61425888374}
		{8B80DBDF-A0B9-46E2-865B-4D42A092BD15} = {8B80DBDF-A0B9-46E2-865B-4D42A092BD15}
		{CAA51B31-2B28-4C37-BB66-FA85762AAF8F} = {CAA51B31-2B28-4C37-BB66-FA85762AAF8F}
	EndProjectSection
EndProject
Project("{8BC9CEB8-8B4A-11D0-8D11-00A0C91BC942}") = "EngineTest", "Test\EngineTest\EngineTest.vcxproj", "{E4CF8C2E-833C-481B-BA2C-E8FAA3FEEBB9}"
	ProjectSection(ProjectDependencies) = postProject
		{2559850E-93EB-4095-AC4B-6E94F1DD40C0} = {2559850E-93EB-4095-AC4B-6E94F1DD40C0}
	EndProjectSection
EndProject
Project("{9A19103F-16F7-4668-BE54-9A1E7A4F7556}") = "ProjectBuilderDll", "Editor\ProjectBuilderDll\ProjectBuilderDll.csproj", "{CAC0D4C2-D102-4A86-9EDC-6F8844129E76}"
EndProject
Project("{8BC9CEB8-8B4A-11D0-8D11-00A0C91BC942}") = "SolutionManager", "Editor\SolutionManager\SolutionManager.vcxproj", "{E495BF49-D4E8-4C17-9528-BF724A4064C7}"
EndProject
Project("{9A19103F-16F7-4668-BE54-9A1E7A4F7556}") = "NebulaEngineTest", "Test\NebulaEngineTest\NebulaEngineTest.csproj", "{4ADE4E0E-6BE5-4F8E-8C54-FB1A93DB7C47}"
EndProject
Project("{9A19103F-16F7-4668-BE54-9A1E7A4F7556}") = "Core.ECS", "Core\Core.ECS\Core.ECS.csproj", "{38F10E99-94B2-4DF2-80F2-3DD7319728A4}"
EndProject
Project("{9A19103F-16F7-4668-BE54-9A1E7A4F7556}") = "Core.Mathematic", "Core\Core.Mathematic\Core.Mathematic.csproj", "{0A15349B-BF8C-4F8A-BEF6-1F6BA631690B}"
EndProject
Project("{9A19103F-16F7-4668-BE54-9A1E7A4F7556}") = "NebulaBuilder", "Editor\Builder\NebulaBuilder.csproj", "{13FB6A68-238E-459C-ABA3-4EA7CDE9CCED}"
EndProject
Project("{9A19103F-16F7-4668-BE54-9A1E7A4F7556}") = "GameTest", "Test\GameTest\GameTest.csproj", "{BAD36D97-0A4A-4714-AE0C-CF6EA92D0724}"
EndProject
Project("{8BC9CEB8-8B4A-11D0-8D11-00A0C91BC942}") = "spdlog", "..\..\spdlog\build\spdlog.vcxproj", "{C61B3339-5A4D-3300-B784-15D38AF87EDA}"
EndProject
Global
	GlobalSection(SolutionConfigurationPlatforms) = preSolution
		Debug|Any CPU = Debug|Any CPU
		Debug|x64 = Debug|x64
		Debug|x86 = Debug|x86
		MinSizeRel|Any CPU = MinSizeRel|Any CPU
		MinSizeRel|x64 = MinSizeRel|x64
		MinSizeRel|x86 = MinSizeRel|x86
		Release|Any CPU = Release|Any CPU
		Release|x64 = Release|x64
		Release|x86 = Release|x86
		RelWithDebInfo|Any CPU = RelWithDebInfo|Any CPU
		RelWithDebInfo|x64 = RelWithDebInfo|x64
		RelWithDebInfo|x86 = RelWithDebInfo|x86
	EndGlobalSection
	GlobalSection(ProjectConfigurationPlatforms) = postSolution
		{DB017C9D-6E1A-46EA-940E-5EBE0D122A0D}.Debug|Any CPU.ActiveCfg = Debug|Any CPU
		{DB017C9D-6E1A-46EA-940E-5EBE0D122A0D}.Debug|Any CPU.Build.0 = Debug|Any CPU
		{DB017C9D-6E1A-46EA-940E-5EBE0D122A0D}.Debug|x64.ActiveCfg = Debug|Any CPU
		{DB017C9D-6E1A-46EA-940E-5EBE0D122A0D}.Debug|x64.Build.0 = Debug|Any CPU
		{DB017C9D-6E1A-46EA-940E-5EBE0D122A0D}.Debug|x86.ActiveCfg = Debug|Any CPU
		{DB017C9D-6E1A-46EA-940E-5EBE0D122A0D}.Debug|x86.Build.0 = Debug|Any CPU
		{DB017C9D-6E1A-46EA-940E-5EBE0D122A0D}.MinSizeRel|Any CPU.ActiveCfg = Release|Any CPU
		{DB017C9D-6E1A-46EA-940E-5EBE0D122A0D}.MinSizeRel|Any CPU.Build.0 = Release|Any CPU
		{DB017C9D-6E1A-46EA-940E-5EBE0D122A0D}.MinSizeRel|x64.ActiveCfg = Release|Any CPU
		{DB017C9D-6E1A-46EA-940E-5EBE0D122A0D}.MinSizeRel|x64.Build.0 = Release|Any CPU
		{DB017C9D-6E1A-46EA-940E-5EBE0D122A0D}.MinSizeRel|x86.ActiveCfg = Release|Any CPU
		{DB017C9D-6E1A-46EA-940E-5EBE0D122A0D}.MinSizeRel|x86.Build.0 = Release|Any CPU
		{DB017C9D-6E1A-46EA-940E-5EBE0D122A0D}.Release|Any CPU.ActiveCfg = Release|Any CPU
		{DB017C9D-6E1A-46EA-940E-5EBE0D122A0D}.Release|Any CPU.Build.0 = Release|Any CPU
		{DB017C9D-6E1A-46EA-940E-5EBE0D122A0D}.Release|x64.ActiveCfg = Release|Any CPU
		{DB017C9D-6E1A-46EA-940E-5EBE0D122A0D}.Release|x64.Build.0 = Release|Any CPU
		{DB017C9D-6E1A-46EA-940E-5EBE0D122A0D}.Release|x86.ActiveCfg = Release|Any CPU
		{DB017C9D-6E1A-46EA-940E-5EBE0D122A0D}.Release|x86.Build.0 = Release|Any CPU
		{DB017C9D-6E1A-46EA-940E-5EBE0D122A0D}.RelWithDebInfo|Any CPU.ActiveCfg = Release|Any CPU
		{DB017C9D-6E1A-46EA-940E-5EBE0D122A0D}.RelWithDebInfo|Any CPU.Build.0 = Release|Any CPU
		{DB017C9D-6E1A-46EA-940E-5EBE0D122A0D}.RelWithDebInfo|x64.ActiveCfg = Release|Any CPU
		{DB017C9D-6E1A-46EA-940E-5EBE0D122A0D}.RelWithDebInfo|x64.Build.0 = Release|Any CPU
		{DB017C9D-6E1A-46EA-940E-5EBE0D122A0D}.RelWithDebInfo|x86.ActiveCfg = Release|Any CPU
		{DB017C9D-6E1A-46EA-940E-5EBE0D122A0D}.RelWithDebInfo|x86.Build.0 = Release|Any CPU
		{648172D9-C82E-4D5B-B6F1-7875AFD81402}.Debug|Any CPU.ActiveCfg = Debug|Any CPU
		{648172D9-C82E-4D5B-B6F1-7875AFD81402}.Debug|Any CPU.Build.0 = Debug|Any CPU
		{648172D9-C82E-4D5B-B6F1-7875AFD81402}.Debug|x64.ActiveCfg = Debug|Any CPU
		{648172D9-C82E-4D5B-B6F1-7875AFD81402}.Debug|x64.Build.0 = Debug|Any CPU
		{648172D9-C82E-4D5B-B6F1-7875AFD81402}.Debug|x86.ActiveCfg = Debug|Any CPU
		{648172D9-C82E-4D5B-B6F1-7875AFD81402}.Debug|x86.Build.0 = Debug|Any CPU
		{648172D9-C82E-4D5B-B6F1-7875AFD81402}.MinSizeRel|Any CPU.ActiveCfg = Release|Any CPU
		{648172D9-C82E-4D5B-B6F1-7875AFD81402}.MinSizeRel|Any CPU.Build.0 = Release|Any CPU
		{648172D9-C82E-4D5B-B6F1-7875AFD81402}.MinSizeRel|x64.ActiveCfg = Release|Any CPU
		{648172D9-C82E-4D5B-B6F1-7875AFD81402}.MinSizeRel|x64.Build.0 = Release|Any CPU
		{648172D9-C82E-4D5B-B6F1-7875AFD81402}.MinSizeRel|x86.ActiveCfg = Release|Any CPU
		{648172D9-C82E-4D5B-B6F1-7875AFD81402}.MinSizeRel|x86.Build.0 = Release|Any CPU
		{648172D9-C82E-4D5B-B6F1-7875AFD81402}.Release|Any CPU.ActiveCfg = Release|Any CPU
		{648172D9-C82E-4D5B-B6F1-7875AFD81402}.Release|Any CPU.Build.0 = Release|Any CPU
		{648172D9-C82E-4D5B-B6F1-7875AFD81402}.Release|x64.ActiveCfg = Release|Any CPU
		{648172D9-C82E-4D5B-B6F1-7875AFD81402}.Release|x64.Build.0 = Release|Any CPU
		{648172D9-C82E-4D5B-B6F1-7875AFD81402}.Release|x86.ActiveCfg = Release|Any CPU
		{648172D9-C82E-4D5B-B6F1-7875AFD81402}.Release|x86.Build.0 = Release|Any CPU
		{648172D9-C82E-4D5B-B6F1-7875AFD81402}.RelWithDebInfo|Any CPU.ActiveCfg = Release|Any CPU
		{648172D9-C82E-4D5B-B6F1-7875AFD81402}.RelWithDebInfo|Any CPU.Build.0 = Release|Any CPU
		{648172D9-C82E-4D5B-B6F1-7875AFD81402}.RelWithDebInfo|x64.ActiveCfg = Release|Any CPU
		{648172D9-C82E-4D5B-B6F1-7875AFD81402}.RelWithDebInfo|x64.Build.0 = Release|Any CPU
		{648172D9-C82E-4D5B-B6F1-7875AFD81402}.RelWithDebInfo|x86.ActiveCfg = Release|Any CPU
		{648172D9-C82E-4D5B-B6F1-7875AFD81402}.RelWithDebInfo|x86.Build.0 = Release|Any CPU
		{47AB1DD6-11A7-4F0E-81F5-67AF87BF3810}.Debug|Any CPU.ActiveCfg = Debug|x64
		{47AB1DD6-11A7-4F0E-81F5-67AF87BF3810}.Debug|Any CPU.Build.0 = Debug|x64
		{47AB1DD6-11A7-4F0E-81F5-67AF87BF3810}.Debug|x64.ActiveCfg = Debug|x64
		{47AB1DD6-11A7-4F0E-81F5-67AF87BF3810}.Debug|x64.Build.0 = Debug|x64
		{47AB1DD6-11A7-4F0E-81F5-67AF87BF3810}.Debug|x86.ActiveCfg = Debug|Win32
		{47AB1DD6-11A7-4F0E-81F5-67AF87BF3810}.Debug|x86.Build.0 = Debug|Win32
		{47AB1DD6-11A7-4F0E-81F5-67AF87BF3810}.MinSizeRel|Any CPU.ActiveCfg = Release|x64
		{47AB1DD6-11A7-4F0E-81F5-67AF87BF3810}.MinSizeRel|Any CPU.Build.0 = Release|x64
		{47AB1DD6-11A7-4F0E-81F5-67AF87BF3810}.MinSizeRel|x64.ActiveCfg = Release|x64
		{47AB1DD6-11A7-4F0E-81F5-67AF87BF3810}.MinSizeRel|x64.Build.0 = Release|x64
		{47AB1DD6-11A7-4F0E-81F5-67AF87BF3810}.MinSizeRel|x86.ActiveCfg = Release|Win32
		{47AB1DD6-11A7-4F0E-81F5-67AF87BF3810}.MinSizeRel|x86.Build.0 = Release|Win32
		{47AB1DD6-11A7-4F0E-81F5-67AF87BF3810}.Release|Any CPU.ActiveCfg = Release|x64
		{47AB1DD6-11A7-4F0E-81F5-67AF87BF3810}.Release|Any CPU.Build.0 = Release|x64
		{47AB1DD6-11A7-4F0E-81F5-67AF87BF3810}.Release|x64.ActiveCfg = Release|x64
		{47AB1DD6-11A7-4F0E-81F5-67AF87BF3810}.Release|x64.Build.0 = Release|x64
		{47AB1DD6-11A7-4F0E-81F5-67AF87BF3810}.Release|x86.ActiveCfg = Release|Win32
		{47AB1DD6-11A7-4F0E-81F5-67AF87BF3810}.Release|x86.Build.0 = Release|Win32
		{47AB1DD6-11A7-4F0E-81F5-67AF87BF3810}.RelWithDebInfo|Any CPU.ActiveCfg = Release|x64
		{47AB1DD6-11A7-4F0E-81F5-67AF87BF3810}.RelWithDebInfo|Any CPU.Build.0 = Release|x64
		{47AB1DD6-11A7-4F0E-81F5-67AF87BF3810}.RelWithDebInfo|x64.ActiveCfg = Release|x64
		{47AB1DD6-11A7-4F0E-81F5-67AF87BF3810}.RelWithDebInfo|x64.Build.0 = Release|x64
		{47AB1DD6-11A7-4F0E-81F5-67AF87BF3810}.RelWithDebInfo|x86.ActiveCfg = Release|Win32
		{47AB1DD6-11A7-4F0E-81F5-67AF87BF3810}.RelWithDebInfo|x86.Build.0 = Release|Win32
		{20F8F450-F420-4850-9198-460966F00CB9}.Debug|Any CPU.ActiveCfg = Debug|Any CPU
		{20F8F450-F420-4850-9198-460966F00CB9}.Debug|Any CPU.Build.0 = Debug|Any CPU
		{20F8F450-F420-4850-9198-460966F00CB9}.Debug|x64.ActiveCfg = Debug|Any CPU
		{20F8F450-F420-4850-9198-460966F00CB9}.Debug|x64.Build.0 = Debug|Any CPU
		{20F8F450-F420-4850-9198-460966F00CB9}.Debug|x86.ActiveCfg = Debug|Any CPU
		{20F8F450-F420-4850-9198-460966F00CB9}.Debug|x86.Build.0 = Debug|Any CPU
		{20F8F450-F420-4850-9198-460966F00CB9}.MinSizeRel|Any CPU.ActiveCfg = Release|Any CPU
		{20F8F450-F420-4850-9198-460966F00CB9}.MinSizeRel|Any CPU.Build.0 = Release|Any CPU
		{20F8F450-F420-4850-9198-460966F00CB9}.MinSizeRel|x64.ActiveCfg = Release|Any CPU
		{20F8F450-F420-4850-9198-460966F00CB9}.MinSizeRel|x64.Build.0 = Release|Any CPU
		{20F8F450-F420-4850-9198-460966F00CB9}.MinSizeRel|x86.ActiveCfg = Release|Any CPU
		{20F8F450-F420-4850-9198-460966F00CB9}.MinSizeRel|x86.Build.0 = Release|Any CPU
		{20F8F450-F420-4850-9198-460966F00CB9}.Release|Any CPU.ActiveCfg = Release|Any CPU
		{20F8F450-F420-4850-9198-460966F00CB9}.Release|Any CPU.Build.0 = Release|Any CPU
		{20F8F450-F420-4850-9198-460966F00CB9}.Release|x64.ActiveCfg = Release|Any CPU
		{20F8F450-F420-4850-9198-460966F00CB9}.Release|x64.Build.0 = Release|Any CPU
		{20F8F450-F420-4850-9198-460966F00CB9}.Release|x86.ActiveCfg = Release|Any CPU
		{20F8F450-F420-4850-9198-460966F00CB9}.Release|x86.Build.0 = Release|Any CPU
		{20F8F450-F420-4850-9198-460966F00CB9}.RelWithDebInfo|Any CPU.ActiveCfg = Release|Any CPU
		{20F8F450-F420-4850-9198-460966F00CB9}.RelWithDebInfo|Any CPU.Build.0 = Release|Any CPU
		{20F8F450-F420-4850-9198-460966F00CB9}.RelWithDebInfo|x64.ActiveCfg = Release|Any CPU
		{20F8F450-F420-4850-9198-460966F00CB9}.RelWithDebInfo|x64.Build.0 = Release|Any CPU
		{20F8F450-F420-4850-9198-460966F00CB9}.RelWithDebInfo|x86.ActiveCfg = Release|Any CPU
		{20F8F450-F420-4850-9198-460966F00CB9}.RelWithDebInfo|x86.Build.0 = Release|Any CPU
		{E8D701E4-CD52-428A-82B0-28F4E21F3CBC}.Debug|Any CPU.ActiveCfg = Debug|Any CPU
		{E8D701E4-CD52-428A-82B0-28F4E21F3CBC}.Debug|Any CPU.Build.0 = Debug|Any CPU
		{E8D701E4-CD52-428A-82B0-28F4E21F3CBC}.Debug|x64.ActiveCfg = Debug|Any CPU
		{E8D701E4-CD52-428A-82B0-28F4E21F3CBC}.Debug|x64.Build.0 = Debug|Any CPU
		{E8D701E4-CD52-428A-82B0-28F4E21F3CBC}.Debug|x86.ActiveCfg = Debug|Any CPU
		{E8D701E4-CD52-428A-82B0-28F4E21F3CBC}.Debug|x86.Build.0 = Debug|Any CPU
		{E8D701E4-CD52-428A-82B0-28F4E21F3CBC}.MinSizeRel|Any CPU.ActiveCfg = Release|Any CPU
		{E8D701E4-CD52-428A-82B0-28F4E21F3CBC}.MinSizeRel|Any CPU.Build.0 = Release|Any CPU
		{E8D701E4-CD52-428A-82B0-28F4E21F3CBC}.MinSizeRel|x64.ActiveCfg = Release|Any CPU
		{E8D701E4-CD52-428A-82B0-28F4E21F3CBC}.MinSizeRel|x64.Build.0 = Release|Any CPU
		{E8D701E4-CD52-428A-82B0-28F4E21F3CBC}.MinSizeRel|x86.ActiveCfg = Release|Any CPU
		{E8D701E4-CD52-428A-82B0-28F4E21F3CBC}.MinSizeRel|x86.Build.0 = Release|Any CPU
		{E8D701E4-CD52-428A-82B0-28F4E21F3CBC}.Release|Any CPU.ActiveCfg = Release|Any CPU
		{E8D701E4-CD52-428A-82B0-28F4E21F3CBC}.Release|Any CPU.Build.0 = Release|Any CPU
		{E8D701E4-CD52-428A-82B0-28F4E21F3CBC}.Release|x64.ActiveCfg = Release|Any CPU
		{E8D701E4-CD52-428A-82B0-28F4E21F3CBC}.Release|x64.Build.0 = Release|Any CPU
		{E8D701E4-CD52-428A-82B0-28F4E21F3CBC}.Release|x86.ActiveCfg = Release|Any CPU
		{E8D701E4-CD52-428A-82B0-28F4E21F3CBC}.Release|x86.Build.0 = Release|Any CPU
		{E8D701E4-CD52-428A-82B0-28F4E21F3CBC}.RelWithDebInfo|Any CPU.ActiveCfg = Release|Any CPU
		{E8D701E4-CD52-428A-82B0-28F4E21F3CBC}.RelWithDebInfo|Any CPU.Build.0 = Release|Any CPU
		{E8D701E4-CD52-428A-82B0-28F4E21F3CBC}.RelWithDebInfo|x64.ActiveCfg = Release|Any CPU
		{E8D701E4-CD52-428A-82B0-28F4E21F3CBC}.RelWithDebInfo|x64.Build.0 = Release|Any CPU
		{E8D701E4-CD52-428A-82B0-28F4E21F3CBC}.RelWithDebInfo|x86.ActiveCfg = Release|Any CPU
		{E8D701E4-CD52-428A-82B0-28F4E21F3CBC}.RelWithDebInfo|x86.Build.0 = Release|Any CPU
		{B3F98EDE-0E2A-4964-A833-071C1DA5FDAE}.Debug|Any CPU.ActiveCfg = Debug|Any CPU
		{B3F98EDE-0E2A-4964-A833-071C1DA5FDAE}.Debug|Any CPU.Build.0 = Debug|Any CPU
		{B3F98EDE-0E2A-4964-A833-071C1DA5FDAE}.Debug|x64.ActiveCfg = Debug|Any CPU
		{B3F98EDE-0E2A-4964-A833-071C1DA5FDAE}.Debug|x64.Build.0 = Debug|Any CPU
		{B3F98EDE-0E2A-4964-A833-071C1DA5FDAE}.Debug|x86.ActiveCfg = Debug|Any CPU
		{B3F98EDE-0E2A-4964-A833-071C1DA5FDAE}.Debug|x86.Build.0 = Debug|Any CPU
		{B3F98EDE-0E2A-4964-A833-071C1DA5FDAE}.MinSizeRel|Any CPU.ActiveCfg = Release|Any CPU
		{B3F98EDE-0E2A-4964-A833-071C1DA5FDAE}.MinSizeRel|Any CPU.Build.0 = Release|Any CPU
		{B3F98EDE-0E2A-4964-A833-071C1DA5FDAE}.MinSizeRel|x64.ActiveCfg = Release|Any CPU
		{B3F98EDE-0E2A-4964-A833-071C1DA5FDAE}.MinSizeRel|x64.Build.0 = Release|Any CPU
		{B3F98EDE-0E2A-4964-A833-071C1DA5FDAE}.MinSizeRel|x86.ActiveCfg = Release|Any CPU
		{B3F98EDE-0E2A-4964-A833-071C1DA5FDAE}.MinSizeRel|x86.Build.0 = Release|Any CPU
		{B3F98EDE-0E2A-4964-A833-071C1DA5FDAE}.Release|Any CPU.ActiveCfg = Release|Any CPU
		{B3F98EDE-0E2A-4964-A833-071C1DA5FDAE}.Release|Any CPU.Build.0 = Release|Any CPU
		{B3F98EDE-0E2A-4964-A833-071C1DA5FDAE}.Release|x64.ActiveCfg = Release|Any CPU
		{B3F98EDE-0E2A-4964-A833-071C1DA5FDAE}.Release|x64.Build.0 = Release|Any CPU
		{B3F98EDE-0E2A-4964-A833-071C1DA5FDAE}.Release|x86.ActiveCfg = Release|Any CPU
		{B3F98EDE-0E2A-4964-A833-071C1DA5FDAE}.Release|x86.Build.0 = Release|Any CPU
		{B3F98EDE-0E2A-4964-A833-071C1DA5FDAE}.RelWithDebInfo|Any CPU.ActiveCfg = Release|Any CPU
		{B3F98EDE-0E2A-4964-A833-071C1DA5FDAE}.RelWithDebInfo|Any CPU.Build.0 = Release|Any CPU
		{B3F98EDE-0E2A-4964-A833-071C1DA5FDAE}.RelWithDebInfo|x64.ActiveCfg = Release|Any CPU
		{B3F98EDE-0E2A-4964-A833-071C1DA5FDAE}.RelWithDebInfo|x64.Build.0 = Release|Any CPU
		{B3F98EDE-0E2A-4964-A833-071C1DA5FDAE}.RelWithDebInfo|x86.ActiveCfg = Release|Any CPU
		{B3F98EDE-0E2A-4964-A833-071C1DA5FDAE}.RelWithDebInfo|x86.Build.0 = Release|Any CPU
		{41D484D5-15DE-46E6-ADEF-EDAF0E74FF04}.Debug|Any CPU.ActiveCfg = Debug|Any CPU
		{41D484D5-15DE-46E6-ADEF-EDAF0E74FF04}.Debug|Any CPU.Build.0 = Debug|Any CPU
		{41D484D5-15DE-46E6-ADEF-EDAF0E74FF04}.Debug|x64.ActiveCfg = Debug|Any CPU
		{41D484D5-15DE-46E6-ADEF-EDAF0E74FF04}.Debug|x64.Build.0 = Debug|Any CPU
		{41D484D5-15DE-46E6-ADEF-EDAF0E74FF04}.Debug|x86.ActiveCfg = Debug|Any CPU
		{41D484D5-15DE-46E6-ADEF-EDAF0E74FF04}.Debug|x86.Build.0 = Debug|Any CPU
		{41D484D5-15DE-46E6-ADEF-EDAF0E74FF04}.MinSizeRel|Any CPU.ActiveCfg = Release|Any CPU
		{41D484D5-15DE-46E6-ADEF-EDAF0E74FF04}.MinSizeRel|Any CPU.Build.0 = Release|Any CPU
		{41D484D5-15DE-46E6-ADEF-EDAF0E74FF04}.MinSizeRel|x64.ActiveCfg = Release|Any CPU
		{41D484D5-15DE-46E6-ADEF-EDAF0E74FF04}.MinSizeRel|x64.Build.0 = Release|Any CPU
		{41D484D5-15DE-46E6-ADEF-EDAF0E74FF04}.MinSizeRel|x86.ActiveCfg = Release|Any CPU
		{41D484D5-15DE-46E6-ADEF-EDAF0E74FF04}.MinSizeRel|x86.Build.0 = Release|Any CPU
		{41D484D5-15DE-46E6-ADEF-EDAF0E74FF04}.Release|Any CPU.ActiveCfg = Release|Any CPU
		{41D484D5-15DE-46E6-ADEF-EDAF0E74FF04}.Release|Any CPU.Build.0 = Release|Any CPU
		{41D484D5-15DE-46E6-ADEF-EDAF0E74FF04}.Release|x64.ActiveCfg = Release|Any CPU
		{41D484D5-15DE-46E6-ADEF-EDAF0E74FF04}.Release|x64.Build.0 = Release|Any CPU
		{41D484D5-15DE-46E6-ADEF-EDAF0E74FF04}.Release|x86.ActiveCfg = Release|Any CPU
		{41D484D5-15DE-46E6-ADEF-EDAF0E74FF04}.Release|x86.Build.0 = Release|Any CPU
		{41D484D5-15DE-46E6-ADEF-EDAF0E74FF04}.RelWithDebInfo|Any CPU.ActiveCfg = Release|Any CPU
		{41D484D5-15DE-46E6-ADEF-EDAF0E74FF04}.RelWithDebInfo|Any CPU.Build.0 = Release|Any CPU
		{41D484D5-15DE-46E6-ADEF-EDAF0E74FF04}.RelWithDebInfo|x64.ActiveCfg = Release|Any CPU
		{41D484D5-15DE-46E6-ADEF-EDAF0E74FF04}.RelWithDebInfo|x64.Build.0 = Release|Any CPU
		{41D484D5-15DE-46E6-ADEF-EDAF0E74FF04}.RelWithDebInfo|x86.ActiveCfg = Release|Any CPU
		{41D484D5-15DE-46E6-ADEF-EDAF0E74FF04}.RelWithDebInfo|x86.Build.0 = Release|Any CPU
		{029A9F78-2549-46FF-B365-4266A535E6E4}.Debug|Any CPU.ActiveCfg = Debug|x64
		{029A9F78-2549-46FF-B365-4266A535E6E4}.Debug|Any CPU.Build.0 = Debug|x64
		{029A9F78-2549-46FF-B365-4266A535E6E4}.Debug|x64.ActiveCfg = Debug|x64
		{029A9F78-2549-46FF-B365-4266A535E6E4}.Debug|x64.Build.0 = Debug|x64
		{029A9F78-2549-46FF-B365-4266A535E6E4}.Debug|x86.ActiveCfg = Debug|Win32
		{029A9F78-2549-46FF-B365-4266A535E6E4}.Debug|x86.Build.0 = Debug|Win32
		{029A9F78-2549-46FF-B365-4266A535E6E4}.MinSizeRel|Any CPU.ActiveCfg = Release|x64
		{029A9F78-2549-46FF-B365-4266A535E6E4}.MinSizeRel|Any CPU.Build.0 = Release|x64
		{029A9F78-2549-46FF-B365-4266A535E6E4}.MinSizeRel|x64.ActiveCfg = Release|x64
		{029A9F78-2549-46FF-B365-4266A535E6E4}.MinSizeRel|x64.Build.0 = Release|x64
		{029A9F78-2549-46FF-B365-4266A535E6E4}.MinSizeRel|x86.ActiveCfg = Release|Win32
		{029A9F78-2549-46FF-B365-4266A535E6E4}.MinSizeRel|x86.Build.0 = Release|Win32
		{029A9F78-2549-46FF-B365-4266A535E6E4}.Release|Any CPU.ActiveCfg = Release|x64
		{029A9F78-2549-46FF-B365-4266A535E6E4}.Release|Any CPU.Build.0 = Release|x64
		{029A9F78-2549-46FF-B365-4266A535E6E4}.Release|x64.ActiveCfg = Release|x64
		{029A9F78-2549-46FF-B365-4266A535E6E4}.Release|x64.Build.0 = Release|x64
		{029A9F78-2549-46FF-B365-4266A535E6E4}.Release|x86.ActiveCfg = Release|Win32
		{029A9F78-2549-46FF-B365-4266A535E6E4}.Release|x86.Build.0 = Release|Win32
		{029A9F78-2549-46FF-B365-4266A535E6E4}.RelWithDebInfo|Any CPU.ActiveCfg = Release|x64
		{029A9F78-2549-46FF-B365-4266A535E6E4}.RelWithDebInfo|Any CPU.Build.0 = Release|x64
		{029A9F78-2549-46FF-B365-4266A535E6E4}.RelWithDebInfo|x64.ActiveCfg = Release|x64
		{029A9F78-2549-46FF-B365-4266A535E6E4}.RelWithDebInfo|x64.Build.0 = Release|x64
		{029A9F78-2549-46FF-B365-4266A535E6E4}.RelWithDebInfo|x86.ActiveCfg = Release|Win32
		{029A9F78-2549-46FF-B365-4266A535E6E4}.RelWithDebInfo|x86.Build.0 = Release|Win32
		{0E400837-67C8-4794-A79F-C912527EB0F8}.Debug|Any CPU.ActiveCfg = Debug|x64
		{0E400837-67C8-4794-A79F-C912527EB0F8}.Debug|Any CPU.Build.0 = Debug|x64
		{0E400837-67C8-4794-A79F-C912527EB0F8}.Debug|x64.ActiveCfg = Debug|x64
		{0E400837-67C8-4794-A79F-C912527EB0F8}.Debug|x64.Build.0 = Debug|x64
		{0E400837-67C8-4794-A79F-C912527EB0F8}.Debug|x86.ActiveCfg = Debug|Win32
		{0E400837-67C8-4794-A79F-C912527EB0F8}.Debug|x86.Build.0 = Debug|Win32
		{0E400837-67C8-4794-A79F-C912527EB0F8}.MinSizeRel|Any CPU.ActiveCfg = Release|x64
		{0E400837-67C8-4794-A79F-C912527EB0F8}.MinSizeRel|Any CPU.Build.0 = Release|x64
		{0E400837-67C8-4794-A79F-C912527EB0F8}.MinSizeRel|x64.ActiveCfg = Release|x64
		{0E400837-67C8-4794-A79F-C912527EB0F8}.MinSizeRel|x64.Build.0 = Release|x64
		{0E400837-67C8-4794-A79F-C912527EB0F8}.MinSizeRel|x86.ActiveCfg = Release|Win32
		{0E400837-67C8-4794-A79F-C912527EB0F8}.MinSizeRel|x86.Build.0 = Release|Win32
		{0E400837-67C8-4794-A79F-C912527EB0F8}.Release|Any CPU.ActiveCfg = Release|x64
		{0E400837-67C8-4794-A79F-C912527EB0F8}.Release|Any CPU.Build.0 = Release|x64
		{0E400837-67C8-4794-A79F-C912527EB0F8}.Release|x64.ActiveCfg = Release|x64
		{0E400837-67C8-4794-A79F-C912527EB0F8}.Release|x64.Build.0 = Release|x64
		{0E400837-67C8-4794-A79F-C912527EB0F8}.Release|x86.ActiveCfg = Release|Win32
		{0E400837-67C8-4794-A79F-C912527EB0F8}.Release|x86.Build.0 = Release|Win32
		{0E400837-67C8-4794-A79F-C912527EB0F8}.RelWithDebInfo|Any CPU.ActiveCfg = Release|x64
		{0E400837-67C8-4794-A79F-C912527EB0F8}.RelWithDebInfo|Any CPU.Build.0 = Release|x64
		{0E400837-67C8-4794-A79F-C912527EB0F8}.RelWithDebInfo|x64.ActiveCfg = Release|x64
		{0E400837-67C8-4794-A79F-C912527EB0F8}.RelWithDebInfo|x64.Build.0 = Release|x64
		{0E400837-67C8-4794-A79F-C912527EB0F8}.RelWithDebInfo|x86.ActiveCfg = Release|Win32
		{0E400837-67C8-4794-A79F-C912527EB0F8}.RelWithDebInfo|x86.Build.0 = Release|Win32
		{87D1E012-504B-4437-B025-0A4AEFE8C1F2}.Debug|Any CPU.ActiveCfg = Debug|Any CPU
		{87D1E012-504B-4437-B025-0A4AEFE8C1F2}.Debug|Any CPU.Build.0 = Debug|Any CPU
		{87D1E012-504B-4437-B025-0A4AEFE8C1F2}.Debug|x64.ActiveCfg = Debug|Any CPU
		{87D1E012-504B-4437-B025-0A4AEFE8C1F2}.Debug|x64.Build.0 = Debug|Any CPU
		{87D1E012-504B-4437-B025-0A4AEFE8C1F2}.Debug|x86.ActiveCfg = Debug|Any CPU
		{87D1E012-504B-4437-B025-0A4AEFE8C1F2}.Debug|x86.Build.0 = Debug|Any CPU
		{87D1E012-504B-4437-B025-0A4AEFE8C1F2}.MinSizeRel|Any CPU.ActiveCfg = Release|Any CPU
		{87D1E012-504B-4437-B025-0A4AEFE8C1F2}.MinSizeRel|Any CPU.Build.0 = Release|Any CPU
		{87D1E012-504B-4437-B025-0A4AEFE8C1F2}.MinSizeRel|x64.ActiveCfg = Release|Any CPU
		{87D1E012-504B-4437-B025-0A4AEFE8C1F2}.MinSizeRel|x64.Build.0 = Release|Any CPU
		{87D1E012-504B-4437-B025-0A4AEFE8C1F2}.MinSizeRel|x86.ActiveCfg = Release|Any CPU
		{87D1E012-504B-4437-B025-0A4AEFE8C1F2}.MinSizeRel|x86.Build.0 = Release|Any CPU
		{87D1E012-504B-4437-B025-0A4AEFE8C1F2}.Release|Any CPU.ActiveCfg = Release|Any CPU
		{87D1E012-504B-4437-B025-0A4AEFE8C1F2}.Release|Any CPU.Build.0 = Release|Any CPU
		{87D1E012-504B-4437-B025-0A4AEFE8C1F2}.Release|x64.ActiveCfg = Release|Any CPU
		{87D1E012-504B-4437-B025-0A4AEFE8C1F2}.Release|x64.Build.0 = Release|Any CPU
		{87D1E012-504B-4437-B025-0A4AEFE8C1F2}.Release|x86.ActiveCfg = Release|Any CPU
		{87D1E012-504B-4437-B025-0A4AEFE8C1F2}.Release|x86.Build.0 = Release|Any CPU
		{87D1E012-504B-4437-B025-0A4AEFE8C1F2}.RelWithDebInfo|Any CPU.ActiveCfg = Release|Any CPU
		{87D1E012-504B-4437-B025-0A4AEFE8C1F2}.RelWithDebInfo|Any CPU.Build.0 = Release|Any CPU
		{87D1E012-504B-4437-B025-0A4AEFE8C1F2}.RelWithDebInfo|x64.ActiveCfg = Release|Any CPU
		{87D1E012-504B-4437-B025-0A4AEFE8C1F2}.RelWithDebInfo|x64.Build.0 = Release|Any CPU
		{87D1E012-504B-4437-B025-0A4AEFE8C1F2}.RelWithDebInfo|x86.ActiveCfg = Release|Any CPU
		{87D1E012-504B-4437-B025-0A4AEFE8C1F2}.RelWithDebInfo|x86.Build.0 = Release|Any CPU
		{2559850E-93EB-4095-AC4B-6E94F1DD40C0}.Debug|Any CPU.ActiveCfg = Debug|x64
		{2559850E-93EB-4095-AC4B-6E94F1DD40C0}.Debug|Any CPU.Build.0 = Debug|x64
		{2559850E-93EB-4095-AC4B-6E94F1DD40C0}.Debug|x64.ActiveCfg = Debug|x64
		{2559850E-93EB-4095-AC4B-6E94F1DD40C0}.Debug|x64.Build.0 = Debug|x64
		{2559850E-93EB-4095-AC4B-6E94F1DD40C0}.Debug|x86.ActiveCfg = Debug|Win32
		{2559850E-93EB-4095-AC4B-6E94F1DD40C0}.Debug|x86.Build.0 = Debug|Win32
		{2559850E-93EB-4095-AC4B-6E94F1DD40C0}.MinSizeRel|Any CPU.ActiveCfg = Release|x64
		{2559850E-93EB-4095-AC4B-6E94F1DD40C0}.MinSizeRel|Any CPU.Build.0 = Release|x64
		{2559850E-93EB-4095-AC4B-6E94F1DD40C0}.MinSizeRel|x64.ActiveCfg = Release|x64
		{2559850E-93EB-4095-AC4B-6E94F1DD40C0}.MinSizeRel|x64.Build.0 = Release|x64
		{2559850E-93EB-4095-AC4B-6E94F1DD40C0}.MinSizeRel|x86.ActiveCfg = Release|Win32
		{2559850E-93EB-4095-AC4B-6E94F1DD40C0}.MinSizeRel|x86.Build.0 = Release|Win32
		{2559850E-93EB-4095-AC4B-6E94F1DD40C0}.Release|Any CPU.ActiveCfg = Release|x64
		{2559850E-93EB-4095-AC4B-6E94F1DD40C0}.Release|Any CPU.Build.0 = Release|x64
		{2559850E-93EB-4095-AC4B-6E94F1DD40C0}.Release|x64.ActiveCfg = Release|x64
		{2559850E-93EB-4095-AC4B-6E94F1DD40C0}.Release|x64.Build.0 = Release|x64
		{2559850E-93EB-4095-AC4B-6E94F1DD40C0}.Release|x86.ActiveCfg = Release|Win32
		{2559850E-93EB-4095-AC4B-6E94F1DD40C0}.Release|x86.Build.0 = Release|Win32
		{2559850E-93EB-4095-AC4B-6E94F1DD40C0}.RelWithDebInfo|Any CPU.ActiveCfg = Release|x64
		{2559850E-93EB-4095-AC4B-6E94F1DD40C0}.RelWithDebInfo|Any CPU.Build.0 = Release|x64
		{2559850E-93EB-4095-AC4B-6E94F1DD40C0}.RelWithDebInfo|x64.ActiveCfg = Release|x64
		{2559850E-93EB-4095-AC4B-6E94F1DD40C0}.RelWithDebInfo|x64.Build.0 = Release|x64
		{2559850E-93EB-4095-AC4B-6E94F1DD40C0}.RelWithDebInfo|x86.ActiveCfg = Release|Win32
		{2559850E-93EB-4095-AC4B-6E94F1DD40C0}.RelWithDebInfo|x86.Build.0 = Release|Win32
		{36AEF810-29B4-48CB-BEC7-672176AB1E46}.Debug|Any CPU.ActiveCfg = Debug|Any CPU
		{36AEF810-29B4-48CB-BEC7-672176AB1E46}.Debug|Any CPU.Build.0 = Debug|Any CPU
		{36AEF810-29B4-48CB-BEC7-672176AB1E46}.Debug|x64.ActiveCfg = Debug|Any CPU
		{36AEF810-29B4-48CB-BEC7-672176AB1E46}.Debug|x64.Build.0 = Debug|Any CPU
		{36AEF810-29B4-48CB-BEC7-672176AB1E46}.Debug|x86.ActiveCfg = Debug|Any CPU
		{36AEF810-29B4-48CB-BEC7-672176AB1E46}.Debug|x86.Build.0 = Debug|Any CPU
		{36AEF810-29B4-48CB-BEC7-672176AB1E46}.MinSizeRel|Any CPU.ActiveCfg = Release|Any CPU
		{36AEF810-29B4-48CB-BEC7-672176AB1E46}.MinSizeRel|Any CPU.Build.0 = Release|Any CPU
		{36AEF810-29B4-48CB-BEC7-672176AB1E46}.MinSizeRel|x64.ActiveCfg = Release|Any CPU
		{36AEF810-29B4-48CB-BEC7-672176AB1E46}.MinSizeRel|x64.Build.0 = Release|Any CPU
		{36AEF810-29B4-48CB-BEC7-672176AB1E46}.MinSizeRel|x86.ActiveCfg = Release|Any CPU
		{36AEF810-29B4-48CB-BEC7-672176AB1E46}.MinSizeRel|x86.Build.0 = Release|Any CPU
		{36AEF810-29B4-48CB-BEC7-672176AB1E46}.Release|Any CPU.ActiveCfg = Release|Any CPU
		{36AEF810-29B4-48CB-BEC7-672176AB1E46}.Release|Any CPU.Build.0 = Release|Any CPU
		{36AEF810-29B4-48CB-BEC7-672176AB1E46}.Release|x64.ActiveCfg = Release|Any CPU
		{36AEF810-29B4-48CB-BEC7-672176AB1E46}.Release|x64.Build.0 = Release|Any CPU
		{36AEF810-29B4-48CB-BEC7-672176AB1E46}.Release|x86.ActiveCfg = Release|Any CPU
		{36AEF810-29B4-48CB-BEC7-672176AB1E46}.Release|x86.Build.0 = Release|Any CPU
		{36AEF810-29B4-48CB-BEC7-672176AB1E46}.RelWithDebInfo|Any CPU.ActiveCfg = Release|Any CPU
		{36AEF810-29B4-48CB-BEC7-672176AB1E46}.RelWithDebInfo|Any CPU.Build.0 = Release|Any CPU
		{36AEF810-29B4-48CB-BEC7-672176AB1E46}.RelWithDebInfo|x64.ActiveCfg = Release|Any CPU
		{36AEF810-29B4-48CB-BEC7-672176AB1E46}.RelWithDebInfo|x64.Build.0 = Release|Any CPU
		{36AEF810-29B4-48CB-BEC7-672176AB1E46}.RelWithDebInfo|x86.ActiveCfg = Release|Any CPU
		{36AEF810-29B4-48CB-BEC7-672176AB1E46}.RelWithDebInfo|x86.Build.0 = Release|Any CPU
		{A5B71710-1069-4FC2-8032-C234E0B90BC0}.Debug|Any CPU.ActiveCfg = Debug|Any CPU
		{A5B71710-1069-4FC2-8032-C234E0B90BC0}.Debug|Any CPU.Build.0 = Debug|Any CPU
		{A5B71710-1069-4FC2-8032-C234E0B90BC0}.Debug|x64.ActiveCfg = Debug|Any CPU
		{A5B71710-1069-4FC2-8032-C234E0B90BC0}.Debug|x64.Build.0 = Debug|Any CPU
		{A5B71710-1069-4FC2-8032-C234E0B90BC0}.Debug|x86.ActiveCfg = Debug|Any CPU
		{A5B71710-1069-4FC2-8032-C234E0B90BC0}.Debug|x86.Build.0 = Debug|Any CPU
		{A5B71710-1069-4FC2-8032-C234E0B90BC0}.MinSizeRel|Any CPU.ActiveCfg = Release|Any CPU
		{A5B71710-1069-4FC2-8032-C234E0B90BC0}.MinSizeRel|Any CPU.Build.0 = Release|Any CPU
		{A5B71710-1069-4FC2-8032-C234E0B90BC0}.MinSizeRel|x64.ActiveCfg = Release|Any CPU
		{A5B71710-1069-4FC2-8032-C234E0B90BC0}.MinSizeRel|x64.Build.0 = Release|Any CPU
		{A5B71710-1069-4FC2-8032-C234E0B90BC0}.MinSizeRel|x86.ActiveCfg = Release|Any CPU
		{A5B71710-1069-4FC2-8032-C234E0B90BC0}.MinSizeRel|x86.Build.0 = Release|Any CPU
		{A5B71710-1069-4FC2-8032-C234E0B90BC0}.Release|Any CPU.ActiveCfg = Release|Any CPU
		{A5B71710-1069-4FC2-8032-C234E0B90BC0}.Release|Any CPU.Build.0 = Release|Any CPU
		{A5B71710-1069-4FC2-8032-C234E0B90BC0}.Release|x64.ActiveCfg = Release|Any CPU
		{A5B71710-1069-4FC2-8032-C234E0B90BC0}.Release|x64.Build.0 = Release|Any CPU
		{A5B71710-1069-4FC2-8032-C234E0B90BC0}.Release|x86.ActiveCfg = Release|Any CPU
		{A5B71710-1069-4FC2-8032-C234E0B90BC0}.Release|x86.Build.0 = Release|Any CPU
		{A5B71710-1069-4FC2-8032-C234E0B90BC0}.RelWithDebInfo|Any CPU.ActiveCfg = Release|Any CPU
		{A5B71710-1069-4FC2-8032-C234E0B90BC0}.RelWithDebInfo|Any CPU.Build.0 = Release|Any CPU
		{A5B71710-1069-4FC2-8032-C234E0B90BC0}.RelWithDebInfo|x64.ActiveCfg = Release|Any CPU
		{A5B71710-1069-4FC2-8032-C234E0B90BC0}.RelWithDebInfo|x64.Build.0 = Release|Any CPU
		{A5B71710-1069-4FC2-8032-C234E0B90BC0}.RelWithDebInfo|x86.ActiveCfg = Release|Any CPU
		{A5B71710-1069-4FC2-8032-C234E0B90BC0}.RelWithDebInfo|x86.Build.0 = Release|Any CPU
		{8B80DBDF-A0B9-46E2-865B-4D42A092BD15}.Debug|Any CPU.ActiveCfg = Debug|x64
		{8B80DBDF-A0B9-46E2-865B-4D42A092BD15}.Debug|Any CPU.Build.0 = Debug|x64
		{8B80DBDF-A0B9-46E2-865B-4D42A092BD15}.Debug|x64.ActiveCfg = Debug|x64
		{8B80DBDF-A0B9-46E2-865B-4D42A092BD15}.Debug|x64.Build.0 = Debug|x64
		{8B80DBDF-A0B9-46E2-865B-4D42A092BD15}.Debug|x86.ActiveCfg = Debug|Win32
		{8B80DBDF-A0B9-46E2-865B-4D42A092BD15}.Debug|x86.Build.0 = Debug|Win32
		{8B80DBDF-A0B9-46E2-865B-4D42A092BD15}.MinSizeRel|Any CPU.ActiveCfg = Release|x64
		{8B80DBDF-A0B9-46E2-865B-4D42A092BD15}.MinSizeRel|Any CPU.Build.0 = Release|x64
		{8B80DBDF-A0B9-46E2-865B-4D42A092BD15}.MinSizeRel|x64.ActiveCfg = Release|x64
		{8B80DBDF-A0B9-46E2-865B-4D42A092BD15}.MinSizeRel|x64.Build.0 = Release|x64
		{8B80DBDF-A0B9-46E2-865B-4D42A092BD15}.MinSizeRel|x86.ActiveCfg = Release|Win32
		{8B80DBDF-A0B9-46E2-865B-4D42A092BD15}.MinSizeRel|x86.Build.0 = Release|Win32
		{8B80DBDF-A0B9-46E2-865B-4D42A092BD15}.Release|Any CPU.ActiveCfg = Release|x64
		{8B80DBDF-A0B9-46E2-865B-4D42A092BD15}.Release|Any CPU.Build.0 = Release|x64
		{8B80DBDF-A0B9-46E2-865B-4D42A092BD15}.Release|x64.ActiveCfg = Release|x64
		{8B80DBDF-A0B9-46E2-865B-4D42A092BD15}.Release|x64.Build.0 = Release|x64
		{8B80DBDF-A0B9-46E2-865B-4D42A092BD15}.Release|x86.ActiveCfg = Release|Win32
		{8B80DBDF-A0B9-46E2-865B-4D42A092BD15}.Release|x86.Build.0 = Release|Win32
		{8B80DBDF-A0B9-46E2-865B-4D42A092BD15}.RelWithDebInfo|Any CPU.ActiveCfg = Release|x64
		{8B80DBDF-A0B9-46E2-865B-4D42A092BD15}.RelWithDebInfo|Any CPU.Build.0 = Release|x64
		{8B80DBDF-A0B9-46E2-865B-4D42A092BD15}.RelWithDebInfo|x64.ActiveCfg = Release|x64
		{8B80DBDF-A0B9-46E2-865B-4D42A092BD15}.RelWithDebInfo|x64.Build.0 = Release|x64
		{8B80DBDF-A0B9-46E2-865B-4D42A092BD15}.RelWithDebInfo|x86.ActiveCfg = Release|Win32
		{8B80DBDF-A0B9-46E2-865B-4D42A092BD15}.RelWithDebInfo|x86.Build.0 = Release|Win32
		{CAA51B31-2B28-4C37-BB66-FA85762AAF8F}.Debug|Any CPU.ActiveCfg = Debug|x64
		{CAA51B31-2B28-4C37-BB66-FA85762AAF8F}.Debug|Any CPU.Build.0 = Debug|x64
		{CAA51B31-2B28-4C37-BB66-FA85762AAF8F}.Debug|x64.ActiveCfg = Debug|x64
		{CAA51B31-2B28-4C37-BB66-FA85762AAF8F}.Debug|x64.Build.0 = Debug|x64
		{CAA51B31-2B28-4C37-BB66-FA85762AAF8F}.Debug|x86.ActiveCfg = Debug|Win32
		{CAA51B31-2B28-4C37-BB66-FA85762AAF8F}.Debug|x86.Build.0 = Debug|Win32
		{CAA51B31-2B28-4C37-BB66-FA85762AAF8F}.MinSizeRel|Any CPU.ActiveCfg = Release|x64
		{CAA51B31-2B28-4C37-BB66-FA85762AAF8F}.MinSizeRel|Any CPU.Build.0 = Release|x64
		{CAA51B31-2B28-4C37-BB66-FA85762AAF8F}.MinSizeRel|x64.ActiveCfg = Release|x64
		{CAA51B31-2B28-4C37-BB66-FA85762AAF8F}.MinSizeRel|x64.Build.0 = Release|x64
		{CAA51B31-2B28-4C37-BB66-FA85762AAF8F}.MinSizeRel|x86.ActiveCfg = Release|Win32
		{CAA51B31-2B28-4C37-BB66-FA85762AAF8F}.MinSizeRel|x86.Build.0 = Release|Win32
		{CAA51B31-2B28-4C37-BB66-FA85762AAF8F}.Release|Any CPU.ActiveCfg = Release|x64
		{CAA51B31-2B28-4C37-BB66-FA85762AAF8F}.Release|Any CPU.Build.0 = Release|x64
		{CAA51B31-2B28-4C37-BB66-FA85762AAF8F}.Release|x64.ActiveCfg = Release|x64
		{CAA51B31-2B28-4C37-BB66-FA85762AAF8F}.Release|x64.Build.0 = Release|x64
		{CAA51B31-2B28-4C37-BB66-FA85762AAF8F}.Release|x86.ActiveCfg = Release|Win32
		{CAA51B31-2B28-4C37-BB66-FA85762AAF8F}.Release|x86.Build.0 = Release|Win32
		{CAA51B31-2B28-4C37-BB66-FA85762AAF8F}.RelWithDebInfo|Any CPU.ActiveCfg = Release|x64
		{CAA51B31-2B28-4C37-BB66-FA85762AAF8F}.RelWithDebInfo|Any CPU.Build.0 = Release|x64
		{CAA51B31-2B28-4C37-BB66-FA85762AAF8F}.RelWithDebInfo|x64.ActiveCfg = Release|x64
		{CAA51B31-2B28-4C37-BB66-FA85762AAF8F}.RelWithDebInfo|x64.Build.0 = Release|x64
		{CAA51B31-2B28-4C37-BB66-FA85762AAF8F}.RelWithDebInfo|x86.ActiveCfg = Release|Win32
		{CAA51B31-2B28-4C37-BB66-FA85762AAF8F}.RelWithDebInfo|x86.Build.0 = Release|Win32
		{53325655-FD23-4EB2-A353-F61425888374}.Debug|Any CPU.ActiveCfg = Debug|x64
		{53325655-FD23-4EB2-A353-F61425888374}.Debug|Any CPU.Build.0 = Debug|x64
		{53325655-FD23-4EB2-A353-F61425888374}.Debug|x64.ActiveCfg = Debug|x64
		{53325655-FD23-4EB2-A353-F61425888374}.Debug|x64.Build.0 = Debug|x64
		{53325655-FD23-4EB2-A353-F61425888374}.Debug|x86.ActiveCfg = Debug|Win32
		{53325655-FD23-4EB2-A353-F61425888374}.Debug|x86.Build.0 = Debug|Win32
		{53325655-FD23-4EB2-A353-F61425888374}.MinSizeRel|Any CPU.ActiveCfg = Release|x64
		{53325655-FD23-4EB2-A353-F61425888374}.MinSizeRel|Any CPU.Build.0 = Release|x64
		{53325655-FD23-4EB2-A353-F61425888374}.MinSizeRel|x64.ActiveCfg = Release|x64
		{53325655-FD23-4EB2-A353-F61425888374}.MinSizeRel|x64.Build.0 = Release|x64
		{53325655-FD23-4EB2-A353-F61425888374}.MinSizeRel|x86.ActiveCfg = Release|Win32
		{53325655-FD23-4EB2-A353-F61425888374}.MinSizeRel|x86.Build.0 = Release|Win32
		{53325655-FD23-4EB2-A353-F61425888374}.Release|Any CPU.ActiveCfg = Release|x64
		{53325655-FD23-4EB2-A353-F61425888374}.Release|Any CPU.Build.0 = Release|x64
		{53325655-FD23-4EB2-A353-F61425888374}.Release|x64.ActiveCfg = Release|x64
		{53325655-FD23-4EB2-A353-F61425888374}.Release|x64.Build.0 = Release|x64
		{53325655-FD23-4EB2-A353-F61425888374}.Release|x86.ActiveCfg = Release|Win32
		{53325655-FD23-4EB2-A353-F61425888374}.Release|x86.Build.0 = Release|Win32
		{53325655-FD23-4EB2-A353-F61425888374}.RelWithDebInfo|Any CPU.ActiveCfg = Release|x64
		{53325655-FD23-4EB2-A353-F61425888374}.RelWithDebInfo|Any CPU.Build.0 = Release|x64
		{53325655-FD23-4EB2-A353-F61425888374}.RelWithDebInfo|x64.ActiveCfg = Release|x64
		{53325655-FD23-4EB2-A353-F61425888374}.RelWithDebInfo|x64.Build.0 = Release|x64
		{53325655-FD23-4EB2-A353-F61425888374}.RelWithDebInfo|x86.ActiveCfg = Release|Win32
		{53325655-FD23-4EB2-A353-F61425888374}.RelWithDebInfo|x86.Build.0 = Release|Win32
		{9C785013-4B86-4CD4-836C-B5A2D2A9C6EC}.Debug|Any CPU.ActiveCfg = Debug|x64
		{9C785013-4B86-4CD4-836C-B5A2D2A9C6EC}.Debug|Any CPU.Build.0 = Debug|x64
		{9C785013-4B86-4CD4-836C-B5A2D2A9C6EC}.Debug|x64.ActiveCfg = Debug|x64
		{9C785013-4B86-4CD4-836C-B5A2D2A9C6EC}.Debug|x64.Build.0 = Debug|x64
		{9C785013-4B86-4CD4-836C-B5A2D2A9C6EC}.Debug|x86.ActiveCfg = Debug|Win32
		{9C785013-4B86-4CD4-836C-B5A2D2A9C6EC}.Debug|x86.Build.0 = Debug|Win32
		{9C785013-4B86-4CD4-836C-B5A2D2A9C6EC}.MinSizeRel|Any CPU.ActiveCfg = Release|x64
		{9C785013-4B86-4CD4-836C-B5A2D2A9C6EC}.MinSizeRel|Any CPU.Build.0 = Release|x64
		{9C785013-4B86-4CD4-836C-B5A2D2A9C6EC}.MinSizeRel|x64.ActiveCfg = Release|x64
		{9C785013-4B86-4CD4-836C-B5A2D2A9C6EC}.MinSizeRel|x64.Build.0 = Release|x64
		{9C785013-4B86-4CD4-836C-B5A2D2A9C6EC}.MinSizeRel|x86.ActiveCfg = Release|Win32
		{9C785013-4B86-4CD4-836C-B5A2D2A9C6EC}.MinSizeRel|x86.Build.0 = Release|Win32
		{9C785013-4B86-4CD4-836C-B5A2D2A9C6EC}.Release|Any CPU.ActiveCfg = Release|x64
		{9C785013-4B86-4CD4-836C-B5A2D2A9C6EC}.Release|Any CPU.Build.0 = Release|x64
		{9C785013-4B86-4CD4-836C-B5A2D2A9C6EC}.Release|x64.ActiveCfg = Release|x64
		{9C785013-4B86-4CD4-836C-B5A2D2A9C6EC}.Release|x64.Build.0 = Release|x64
		{9C785013-4B86-4CD4-836C-B5A2D2A9C6EC}.Release|x86.ActiveCfg = Release|Win32
		{9C785013-4B86-4CD4-836C-B5A2D2A9C6EC}.Release|x86.Build.0 = Release|Win32
		{9C785013-4B86-4CD4-836C-B5A2D2A9C6EC}.RelWithDebInfo|Any CPU.ActiveCfg = Release|x64
		{9C785013-4B86-4CD4-836C-B5A2D2A9C6EC}.RelWithDebInfo|Any CPU.Build.0 = Release|x64
		{9C785013-4B86-4CD4-836C-B5A2D2A9C6EC}.RelWithDebInfo|x64.ActiveCfg = Release|x64
		{9C785013-4B86-4CD4-836C-B5A2D2A9C6EC}.RelWithDebInfo|x64.Build.0 = Release|x64
		{9C785013-4B86-4CD4-836C-B5A2D2A9C6EC}.RelWithDebInfo|x86.ActiveCfg = Release|Win32
		{9C785013-4B86-4CD4-836C-B5A2D2A9C6EC}.RelWithDebInfo|x86.Build.0 = Release|Win32
		{E4CF8C2E-833C-481B-BA2C-E8FAA3FEEBB9}.Debug|Any CPU.ActiveCfg = Debug|x64
		{E4CF8C2E-833C-481B-BA2C-E8FAA3FEEBB9}.Debug|Any CPU.Build.0 = Debug|x64
		{E4CF8C2E-833C-481B-BA2C-E8FAA3FEEBB9}.Debug|x64.ActiveCfg = Debug|x64
		{E4CF8C2E-833C-481B-BA2C-E8FAA3FEEBB9}.Debug|x64.Build.0 = Debug|x64
		{E4CF8C2E-833C-481B-BA2C-E8FAA3FEEBB9}.Debug|x86.ActiveCfg = Debug|Win32
		{E4CF8C2E-833C-481B-BA2C-E8FAA3FEEBB9}.Debug|x86.Build.0 = Debug|Win32
		{E4CF8C2E-833C-481B-BA2C-E8FAA3FEEBB9}.MinSizeRel|Any CPU.ActiveCfg = Release|x64
		{E4CF8C2E-833C-481B-BA2C-E8FAA3FEEBB9}.MinSizeRel|Any CPU.Build.0 = Release|x64
		{E4CF8C2E-833C-481B-BA2C-E8FAA3FEEBB9}.MinSizeRel|x64.ActiveCfg = Release|x64
		{E4CF8C2E-833C-481B-BA2C-E8FAA3FEEBB9}.MinSizeRel|x64.Build.0 = Release|x64
		{E4CF8C2E-833C-481B-BA2C-E8FAA3FEEBB9}.MinSizeRel|x86.ActiveCfg = Release|Win32
		{E4CF8C2E-833C-481B-BA2C-E8FAA3FEEBB9}.MinSizeRel|x86.Build.0 = Release|Win32
		{E4CF8C2E-833C-481B-BA2C-E8FAA3FEEBB9}.Release|Any CPU.ActiveCfg = Release|x64
		{E4CF8C2E-833C-481B-BA2C-E8FAA3FEEBB9}.Release|Any CPU.Build.0 = Release|x64
		{E4CF8C2E-833C-481B-BA2C-E8FAA3FEEBB9}.Release|x64.ActiveCfg = Release|x64
		{E4CF8C2E-833C-481B-BA2C-E8FAA3FEEBB9}.Release|x64.Build.0 = Release|x64
		{E4CF8C2E-833C-481B-BA2C-E8FAA3FEEBB9}.Release|x86.ActiveCfg = Release|Win32
		{E4CF8C2E-833C-481B-BA2C-E8FAA3FEEBB9}.Release|x86.Build.0 = Release|Win32
		{E4CF8C2E-833C-481B-BA2C-E8FAA3FEEBB9}.RelWithDebInfo|Any CPU.ActiveCfg = Release|x64
		{E4CF8C2E-833C-481B-BA2C-E8FAA3FEEBB9}.RelWithDebInfo|Any CPU.Build.0 = Release|x64
		{E4CF8C2E-833C-481B-BA2C-E8FAA3FEEBB9}.RelWithDebInfo|x64.ActiveCfg = Release|x64
		{E4CF8C2E-833C-481B-BA2C-E8FAA3FEEBB9}.RelWithDebInfo|x64.Build.0 = Release|x64
		{E4CF8C2E-833C-481B-BA2C-E8FAA3FEEBB9}.RelWithDebInfo|x86.ActiveCfg = Release|Win32
		{E4CF8C2E-833C-481B-BA2C-E8FAA3FEEBB9}.RelWithDebInfo|x86.Build.0 = Release|Win32
		{CAC0D4C2-D102-4A86-9EDC-6F8844129E76}.Debug|Any CPU.ActiveCfg = Debug|Any CPU
		{CAC0D4C2-D102-4A86-9EDC-6F8844129E76}.Debug|Any CPU.Build.0 = Debug|Any CPU
		{CAC0D4C2-D102-4A86-9EDC-6F8844129E76}.Debug|x64.ActiveCfg = Debug|Any CPU
		{CAC0D4C2-D102-4A86-9EDC-6F8844129E76}.Debug|x64.Build.0 = Debug|Any CPU
		{CAC0D4C2-D102-4A86-9EDC-6F8844129E76}.Debug|x86.ActiveCfg = Debug|Any CPU
		{CAC0D4C2-D102-4A86-9EDC-6F8844129E76}.Debug|x86.Build.0 = Debug|Any CPU
		{CAC0D4C2-D102-4A86-9EDC-6F8844129E76}.MinSizeRel|Any CPU.ActiveCfg = Release|Any CPU
		{CAC0D4C2-D102-4A86-9EDC-6F8844129E76}.MinSizeRel|Any CPU.Build.0 = Release|Any CPU
		{CAC0D4C2-D102-4A86-9EDC-6F8844129E76}.MinSizeRel|x64.ActiveCfg = Release|Any CPU
		{CAC0D4C2-D102-4A86-9EDC-6F8844129E76}.MinSizeRel|x64.Build.0 = Release|Any CPU
		{CAC0D4C2-D102-4A86-9EDC-6F8844129E76}.MinSizeRel|x86.ActiveCfg = Release|Any CPU
		{CAC0D4C2-D102-4A86-9EDC-6F8844129E76}.MinSizeRel|x86.Build.0 = Release|Any CPU
		{CAC0D4C2-D102-4A86-9EDC-6F8844129E76}.Release|Any CPU.ActiveCfg = Release|Any CPU
		{CAC0D4C2-D102-4A86-9EDC-6F8844129E76}.Release|Any CPU.Build.0 = Release|Any CPU
		{CAC0D4C2-D102-4A86-9EDC-6F8844129E76}.Release|x64.ActiveCfg = Release|Any CPU
		{CAC0D4C2-D102-4A86-9EDC-6F8844129E76}.Release|x64.Build.0 = Release|Any CPU
		{CAC0D4C2-D102-4A86-9EDC-6F8844129E76}.Release|x86.ActiveCfg = Release|Any CPU
		{CAC0D4C2-D102-4A86-9EDC-6F8844129E76}.Release|x86.Build.0 = Release|Any CPU
		{CAC0D4C2-D102-4A86-9EDC-6F8844129E76}.RelWithDebInfo|Any CPU.ActiveCfg = Release|Any CPU
		{CAC0D4C2-D102-4A86-9EDC-6F8844129E76}.RelWithDebInfo|Any CPU.Build.0 = Release|Any CPU
		{CAC0D4C2-D102-4A86-9EDC-6F8844129E76}.RelWithDebInfo|x64.ActiveCfg = Release|Any CPU
		{CAC0D4C2-D102-4A86-9EDC-6F8844129E76}.RelWithDebInfo|x64.Build.0 = Release|Any CPU
		{CAC0D4C2-D102-4A86-9EDC-6F8844129E76}.RelWithDebInfo|x86.ActiveCfg = Release|Any CPU
		{CAC0D4C2-D102-4A86-9EDC-6F8844129E76}.RelWithDebInfo|x86.Build.0 = Release|Any CPU
		{E495BF49-D4E8-4C17-9528-BF724A4064C7}.Debug|Any CPU.ActiveCfg = Debug|x64
		{E495BF49-D4E8-4C17-9528-BF724A4064C7}.Debug|Any CPU.Build.0 = Debug|x64
		{E495BF49-D4E8-4C17-9528-BF724A4064C7}.Debug|x64.ActiveCfg = Debug|x64
		{E495BF49-D4E8-4C17-9528-BF724A4064C7}.Debug|x64.Build.0 = Debug|x64
		{E495BF49-D4E8-4C17-9528-BF724A4064C7}.Debug|x86.ActiveCfg = Debug|Win32
		{E495BF49-D4E8-4C17-9528-BF724A4064C7}.Debug|x86.Build.0 = Debug|Win32
		{E495BF49-D4E8-4C17-9528-BF724A4064C7}.MinSizeRel|Any CPU.ActiveCfg = Release|x64
		{E495BF49-D4E8-4C17-9528-BF724A4064C7}.MinSizeRel|Any CPU.Build.0 = Release|x64
		{E495BF49-D4E8-4C17-9528-BF724A4064C7}.MinSizeRel|x64.ActiveCfg = Release|x64
		{E495BF49-D4E8-4C17-9528-BF724A4064C7}.MinSizeRel|x64.Build.0 = Release|x64
		{E495BF49-D4E8-4C17-9528-BF724A4064C7}.MinSizeRel|x86.ActiveCfg = Release|Win32
		{E495BF49-D4E8-4C17-9528-BF724A4064C7}.MinSizeRel|x86.Build.0 = Release|Win32
		{E495BF49-D4E8-4C17-9528-BF724A4064C7}.Release|Any CPU.ActiveCfg = Release|x64
		{E495BF49-D4E8-4C17-9528-BF724A4064C7}.Release|Any CPU.Build.0 = Release|x64
		{E495BF49-D4E8-4C17-9528-BF724A4064C7}.Release|x64.ActiveCfg = Release|x64
		{E495BF49-D4E8-4C17-9528-BF724A4064C7}.Release|x64.Build.0 = Release|x64
		{E495BF49-D4E8-4C17-9528-BF724A4064C7}.Release|x86.ActiveCfg = Release|Win32
		{E495BF49-D4E8-4C17-9528-BF724A4064C7}.Release|x86.Build.0 = Release|Win32
		{E495BF49-D4E8-4C17-9528-BF724A4064C7}.RelWithDebInfo|Any CPU.ActiveCfg = Release|x64
		{E495BF49-D4E8-4C17-9528-BF724A4064C7}.RelWithDebInfo|Any CPU.Build.0 = Release|x64
		{E495BF49-D4E8-4C17-9528-BF724A4064C7}.RelWithDebInfo|x64.ActiveCfg = Release|x64
		{E495BF49-D4E8-4C17-9528-BF724A4064C7}.RelWithDebInfo|x64.Build.0 = Release|x64
		{E495BF49-D4E8-4C17-9528-BF724A4064C7}.RelWithDebInfo|x86.ActiveCfg = Release|Win32
		{E495BF49-D4E8-4C17-9528-BF724A4064C7}.RelWithDebInfo|x86.Build.0 = Release|Win32
		{4ADE4E0E-6BE5-4F8E-8C54-FB1A93DB7C47}.Debug|Any CPU.ActiveCfg = Debug|Any CPU
		{4ADE4E0E-6BE5-4F8E-8C54-FB1A93DB7C47}.Debug|Any CPU.Build.0 = Debug|Any CPU
		{4ADE4E0E-6BE5-4F8E-8C54-FB1A93DB7C47}.Debug|x64.ActiveCfg = Debug|Any CPU
		{4ADE4E0E-6BE5-4F8E-8C54-FB1A93DB7C47}.Debug|x64.Build.0 = Debug|Any CPU
		{4ADE4E0E-6BE5-4F8E-8C54-FB1A93DB7C47}.Debug|x86.ActiveCfg = Debug|Any CPU
		{4ADE4E0E-6BE5-4F8E-8C54-FB1A93DB7C47}.Debug|x86.Build.0 = Debug|Any CPU
		{4ADE4E0E-6BE5-4F8E-8C54-FB1A93DB7C47}.MinSizeRel|Any CPU.ActiveCfg = Release|Any CPU
		{4ADE4E0E-6BE5-4F8E-8C54-FB1A93DB7C47}.MinSizeRel|Any CPU.Build.0 = Release|Any CPU
		{4ADE4E0E-6BE5-4F8E-8C54-FB1A93DB7C47}.MinSizeRel|x64.ActiveCfg = Release|Any CPU
		{4ADE4E0E-6BE5-4F8E-8C54-FB1A93DB7C47}.MinSizeRel|x64.Build.0 = Release|Any CPU
		{4ADE4E0E-6BE5-4F8E-8C54-FB1A93DB7C47}.MinSizeRel|x86.ActiveCfg = Release|Any CPU
		{4ADE4E0E-6BE5-4F8E-8C54-FB1A93DB7C47}.MinSizeRel|x86.Build.0 = Release|Any CPU
		{4ADE4E0E-6BE5-4F8E-8C54-FB1A93DB7C47}.Release|Any CPU.ActiveCfg = Release|Any CPU
		{4ADE4E0E-6BE5-4F8E-8C54-FB1A93DB7C47}.Release|Any CPU.Build.0 = Release|Any CPU
		{4ADE4E0E-6BE5-4F8E-8C54-FB1A93DB7C47}.Release|x64.ActiveCfg = Release|Any CPU
		{4ADE4E0E-6BE5-4F8E-8C54-FB1A93DB7C47}.Release|x64.Build.0 = Release|Any CPU
		{4ADE4E0E-6BE5-4F8E-8C54-FB1A93DB7C47}.Release|x86.ActiveCfg = Release|Any CPU
		{4ADE4E0E-6BE5-4F8E-8C54-FB1A93DB7C47}.Release|x86.Build.0 = Release|Any CPU
		{4ADE4E0E-6BE5-4F8E-8C54-FB1A93DB7C47}.RelWithDebInfo|Any CPU.ActiveCfg = Release|Any CPU
		{4ADE4E0E-6BE5-4F8E-8C54-FB1A93DB7C47}.RelWithDebInfo|Any CPU.Build.0 = Release|Any CPU
		{4ADE4E0E-6BE5-4F8E-8C54-FB1A93DB7C47}.RelWithDebInfo|x64.ActiveCfg = Release|Any CPU
		{4ADE4E0E-6BE5-4F8E-8C54-FB1A93DB7C47}.RelWithDebInfo|x64.Build.0 = Release|Any CPU
		{4ADE4E0E-6BE5-4F8E-8C54-FB1A93DB7C47}.RelWithDebInfo|x86.ActiveCfg = Release|Any CPU
		{4ADE4E0E-6BE5-4F8E-8C54-FB1A93DB7C47}.RelWithDebInfo|x86.Build.0 = Release|Any CPU
		{38F10E99-94B2-4DF2-80F2-3DD7319728A4}.Debug|Any CPU.ActiveCfg = Debug|Any CPU
		{38F10E99-94B2-4DF2-80F2-3DD7319728A4}.Debug|Any CPU.Build.0 = Debug|Any CPU
		{38F10E99-94B2-4DF2-80F2-3DD7319728A4}.Debug|x64.ActiveCfg = Debug|Any CPU
		{38F10E99-94B2-4DF2-80F2-3DD7319728A4}.Debug|x64.Build.0 = Debug|Any CPU
		{38F10E99-94B2-4DF2-80F2-3DD7319728A4}.Debug|x86.ActiveCfg = Debug|Any CPU
		{38F10E99-94B2-4DF2-80F2-3DD7319728A4}.Debug|x86.Build.0 = Debug|Any CPU
		{38F10E99-94B2-4DF2-80F2-3DD7319728A4}.MinSizeRel|Any CPU.ActiveCfg = Release|Any CPU
		{38F10E99-94B2-4DF2-80F2-3DD7319728A4}.MinSizeRel|Any CPU.Build.0 = Release|Any CPU
		{38F10E99-94B2-4DF2-80F2-3DD7319728A4}.MinSizeRel|x64.ActiveCfg = Release|Any CPU
		{38F10E99-94B2-4DF2-80F2-3DD7319728A4}.MinSizeRel|x64.Build.0 = Release|Any CPU
		{38F10E99-94B2-4DF2-80F2-3DD7319728A4}.MinSizeRel|x86.ActiveCfg = Release|Any CPU
		{38F10E99-94B2-4DF2-80F2-3DD7319728A4}.MinSizeRel|x86.Build.0 = Release|Any CPU
		{38F10E99-94B2-4DF2-80F2-3DD7319728A4}.Release|Any CPU.ActiveCfg = Release|Any CPU
		{38F10E99-94B2-4DF2-80F2-3DD7319728A4}.Release|Any CPU.Build.0 = Release|Any CPU
		{38F10E99-94B2-4DF2-80F2-3DD7319728A4}.Release|x64.ActiveCfg = Release|Any CPU
		{38F10E99-94B2-4DF2-80F2-3DD7319728A4}.Release|x64.Build.0 = Release|Any CPU
		{38F10E99-94B2-4DF2-80F2-3DD7319728A4}.Release|x86.ActiveCfg = Release|Any CPU
		{38F10E99-94B2-4DF2-80F2-3DD7319728A4}.Release|x86.Build.0 = Release|Any CPU
		{38F10E99-94B2-4DF2-80F2-3DD7319728A4}.RelWithDebInfo|Any CPU.ActiveCfg = Release|Any CPU
		{38F10E99-94B2-4DF2-80F2-3DD7319728A4}.RelWithDebInfo|Any CPU.Build.0 = Release|Any CPU
		{38F10E99-94B2-4DF2-80F2-3DD7319728A4}.RelWithDebInfo|x64.ActiveCfg = Release|Any CPU
		{38F10E99-94B2-4DF2-80F2-3DD7319728A4}.RelWithDebInfo|x64.Build.0 = Release|Any CPU
		{38F10E99-94B2-4DF2-80F2-3DD7319728A4}.RelWithDebInfo|x86.ActiveCfg = Release|Any CPU
		{38F10E99-94B2-4DF2-80F2-3DD7319728A4}.RelWithDebInfo|x86.Build.0 = Release|Any CPU
		{0A15349B-BF8C-4F8A-BEF6-1F6BA631690B}.Debug|Any CPU.ActiveCfg = Debug|Any CPU
		{0A15349B-BF8C-4F8A-BEF6-1F6BA631690B}.Debug|Any CPU.Build.0 = Debug|Any CPU
		{0A15349B-BF8C-4F8A-BEF6-1F6BA631690B}.Debug|x64.ActiveCfg = Debug|Any CPU
		{0A15349B-BF8C-4F8A-BEF6-1F6BA631690B}.Debug|x64.Build.0 = Debug|Any CPU
		{0A15349B-BF8C-4F8A-BEF6-1F6BA631690B}.Debug|x86.ActiveCfg = Debug|Any CPU
		{0A15349B-BF8C-4F8A-BEF6-1F6BA631690B}.Debug|x86.Build.0 = Debug|Any CPU
		{0A15349B-BF8C-4F8A-BEF6-1F6BA631690B}.MinSizeRel|Any CPU.ActiveCfg = Release|Any CPU
		{0A15349B-BF8C-4F8A-BEF6-1F6BA631690B}.MinSizeRel|Any CPU.Build.0 = Release|Any CPU
		{0A15349B-BF8C-4F8A-BEF6-1F6BA631690B}.MinSizeRel|x64.ActiveCfg = Release|Any CPU
		{0A15349B-BF8C-4F8A-BEF6-1F6BA631690B}.MinSizeRel|x64.Build.0 = Release|Any CPU
		{0A15349B-BF8C-4F8A-BEF6-1F6BA631690B}.MinSizeRel|x86.ActiveCfg = Release|Any CPU
		{0A15349B-BF8C-4F8A-BEF6-1F6BA631690B}.MinSizeRel|x86.Build.0 = Release|Any CPU
		{0A15349B-BF8C-4F8A-BEF6-1F6BA631690B}.Release|Any CPU.ActiveCfg = Release|Any CPU
		{0A15349B-BF8C-4F8A-BEF6-1F6BA631690B}.Release|Any CPU.Build.0 = Release|Any CPU
		{0A15349B-BF8C-4F8A-BEF6-1F6BA631690B}.Release|x64.ActiveCfg = Release|Any CPU
		{0A15349B-BF8C-4F8A-BEF6-1F6BA631690B}.Release|x64.Build.0 = Release|Any CPU
		{0A15349B-BF8C-4F8A-BEF6-1F6BA631690B}.Release|x86.ActiveCfg = Release|Any CPU
		{0A15349B-BF8C-4F8A-BEF6-1F6BA631690B}.Release|x86.Build.0 = Release|Any CPU
		{0A15349B-BF8C-4F8A-BEF6-1F6BA631690B}.RelWithDebInfo|Any CPU.ActiveCfg = Release|Any CPU
		{0A15349B-BF8C-4F8A-BEF6-1F6BA631690B}.RelWithDebInfo|Any CPU.Build.0 = Release|Any CPU
		{0A15349B-BF8C-4F8A-BEF6-1F6BA631690B}.RelWithDebInfo|x64.ActiveCfg = Release|Any CPU
		{0A15349B-BF8C-4F8A-BEF6-1F6BA631690B}.RelWithDebInfo|x64.Build.0 = Release|Any CPU
		{0A15349B-BF8C-4F8A-BEF6-1F6BA631690B}.RelWithDebInfo|x86.ActiveCfg = Release|Any CPU
		{0A15349B-BF8C-4F8A-BEF6-1F6BA631690B}.RelWithDebInfo|x86.Build.0 = Release|Any CPU
		{13FB6A68-238E-459C-ABA3-4EA7CDE9CCED}.Debug|Any CPU.ActiveCfg = Debug|Any CPU
		{13FB6A68-238E-459C-ABA3-4EA7CDE9CCED}.Debug|Any CPU.Build.0 = Debug|Any CPU
		{13FB6A68-238E-459C-ABA3-4EA7CDE9CCED}.Debug|x64.ActiveCfg = Debug|Any CPU
		{13FB6A68-238E-459C-ABA3-4EA7CDE9CCED}.Debug|x64.Build.0 = Debug|Any CPU
		{13FB6A68-238E-459C-ABA3-4EA7CDE9CCED}.Debug|x86.ActiveCfg = Debug|Any CPU
		{13FB6A68-238E-459C-ABA3-4EA7CDE9CCED}.Debug|x86.Build.0 = Debug|Any CPU
		{13FB6A68-238E-459C-ABA3-4EA7CDE9CCED}.MinSizeRel|Any CPU.ActiveCfg = Release|Any CPU
		{13FB6A68-238E-459C-ABA3-4EA7CDE9CCED}.MinSizeRel|Any CPU.Build.0 = Release|Any CPU
		{13FB6A68-238E-459C-ABA3-4EA7CDE9CCED}.MinSizeRel|x64.ActiveCfg = Release|Any CPU
		{13FB6A68-238E-459C-ABA3-4EA7CDE9CCED}.MinSizeRel|x64.Build.0 = Release|Any CPU
		{13FB6A68-238E-459C-ABA3-4EA7CDE9CCED}.MinSizeRel|x86.ActiveCfg = Release|Any CPU
		{13FB6A68-238E-459C-ABA3-4EA7CDE9CCED}.MinSizeRel|x86.Build.0 = Release|Any CPU
		{13FB6A68-238E-459C-ABA3-4EA7CDE9CCED}.Release|Any CPU.ActiveCfg = Release|Any CPU
		{13FB6A68-238E-459C-ABA3-4EA7CDE9CCED}.Release|Any CPU.Build.0 = Release|Any CPU
		{13FB6A68-238E-459C-ABA3-4EA7CDE9CCED}.Release|x64.ActiveCfg = Release|Any CPU
		{13FB6A68-238E-459C-ABA3-4EA7CDE9CCED}.Release|x64.Build.0 = Release|Any CPU
		{13FB6A68-238E-459C-ABA3-4EA7CDE9CCED}.Release|x86.ActiveCfg = Release|Any CPU
		{13FB6A68-238E-459C-ABA3-4EA7CDE9CCED}.Release|x86.Build.0 = Release|Any CPU
		{13FB6A68-238E-459C-ABA3-4EA7CDE9CCED}.RelWithDebInfo|Any CPU.ActiveCfg = Release|Any CPU
		{13FB6A68-238E-459C-ABA3-4EA7CDE9CCED}.RelWithDebInfo|Any CPU.Build.0 = Release|Any CPU
		{13FB6A68-238E-459C-ABA3-4EA7CDE9CCED}.RelWithDebInfo|x64.ActiveCfg = Release|Any CPU
		{13FB6A68-238E-459C-ABA3-4EA7CDE9CCED}.RelWithDebInfo|x64.Build.0 = Release|Any CPU
		{13FB6A68-238E-459C-ABA3-4EA7CDE9CCED}.RelWithDebInfo|x86.ActiveCfg = Release|Any CPU
		{13FB6A68-238E-459C-ABA3-4EA7CDE9CCED}.RelWithDebInfo|x86.Build.0 = Release|Any CPU
		{BAD36D97-0A4A-4714-AE0C-CF6EA92D0724}.Debug|Any CPU.ActiveCfg = Debug|Any CPU
		{BAD36D97-0A4A-4714-AE0C-CF6EA92D0724}.Debug|Any CPU.Build.0 = Debug|Any CPU
		{BAD36D97-0A4A-4714-AE0C-CF6EA92D0724}.Debug|x64.ActiveCfg = Debug|Any CPU
		{BAD36D97-0A4A-4714-AE0C-CF6EA92D0724}.Debug|x64.Build.0 = Debug|Any CPU
		{BAD36D97-0A4A-4714-AE0C-CF6EA92D0724}.Debug|x86.ActiveCfg = Debug|Any CPU
		{BAD36D97-0A4A-4714-AE0C-CF6EA92D0724}.Debug|x86.Build.0 = Debug|Any CPU
		{BAD36D97-0A4A-4714-AE0C-CF6EA92D0724}.MinSizeRel|Any CPU.ActiveCfg = Release|Any CPU
		{BAD36D97-0A4A-4714-AE0C-CF6EA92D0724}.MinSizeRel|Any CPU.Build.0 = Release|Any CPU
		{BAD36D97-0A4A-4714-AE0C-CF6EA92D0724}.MinSizeRel|x64.ActiveCfg = Release|Any CPU
		{BAD36D97-0A4A-4714-AE0C-CF6EA92D0724}.MinSizeRel|x64.Build.0 = Release|Any CPU
		{BAD36D97-0A4A-4714-AE0C-CF6EA92D0724}.MinSizeRel|x86.ActiveCfg = Release|Any CPU
		{BAD36D97-0A4A-4714-AE0C-CF6EA92D0724}.MinSizeRel|x86.Build.0 = Release|Any CPU
		{BAD36D97-0A4A-4714-AE0C-CF6EA92D0724}.Release|Any CPU.ActiveCfg = Release|Any CPU
		{BAD36D97-0A4A-4714-AE0C-CF6EA92D0724}.Release|Any CPU.Build.0 = Release|Any CPU
		{BAD36D97-0A4A-4714-AE0C-CF6EA92D0724}.Release|x64.ActiveCfg = Release|Any CPU
		{BAD36D97-0A4A-4714-AE0C-CF6EA92D0724}.Release|x64.Build.0 = Release|Any CPU
		{BAD36D97-0A4A-4714-AE0C-CF6EA92D0724}.Release|x86.ActiveCfg = Release|Any CPU
		{BAD36D97-0A4A-4714-AE0C-CF6EA92D0724}.Release|x86.Build.0 = Release|Any CPU
		{BAD36D97-0A4A-4714-AE0C-CF6EA92D0724}.RelWithDebInfo|Any CPU.ActiveCfg = Release|Any CPU
		{BAD36D97-0A4A-4714-AE0C-CF6EA92D0724}.RelWithDebInfo|Any CPU.Build.0 = Release|Any CPU
		{BAD36D97-0A4A-4714-AE0C-CF6EA92D0724}.RelWithDebInfo|x64.ActiveCfg = Release|Any CPU
		{BAD36D97-0A4A-4714-AE0C-CF6EA92D0724}.RelWithDebInfo|x64.Build.0 = Release|Any CPU
		{BAD36D97-0A4A-4714-AE0C-CF6EA92D0724}.RelWithDebInfo|x86.ActiveCfg = Release|Any CPU
		{BAD36D97-0A4A-4714-AE0C-CF6EA92D0724}.RelWithDebInfo|x86.Build.0 = Release|Any CPU
		{C61B3339-5A4D-3300-B784-15D38AF87EDA}.Debug|Any CPU.ActiveCfg = Debug|x64
		{C61B3339-5A4D-3300-B784-15D38AF87EDA}.Debug|Any CPU.Build.0 = Debug|x64
		{C61B3339-5A4D-3300-B784-15D38AF87EDA}.Debug|x64.ActiveCfg = Debug|x64
		{C61B3339-5A4D-3300-B784-15D38AF87EDA}.Debug|x64.Build.0 = Debug|x64
		{C61B3339-5A4D-3300-B784-15D38AF87EDA}.Debug|x86.ActiveCfg = Debug|x64
		{C61B3339-5A4D-3300-B784-15D38AF87EDA}.Debug|x86.Build.0 = Debug|x64
		{C61B3339-5A4D-3300-B784-15D38AF87EDA}.MinSizeRel|Any CPU.ActiveCfg = MinSizeRel|x64
		{C61B3339-5A4D-3300-B784-15D38AF87EDA}.MinSizeRel|Any CPU.Build.0 = MinSizeRel|x64
		{C61B3339-5A4D-3300-B784-15D38AF87EDA}.MinSizeRel|x64.ActiveCfg = MinSizeRel|x64
		{C61B3339-5A4D-3300-B784-15D38AF87EDA}.MinSizeRel|x64.Build.0 = MinSizeRel|x64
		{C61B3339-5A4D-3300-B784-15D38AF87EDA}.MinSizeRel|x86.ActiveCfg = MinSizeRel|x64
		{C61B3339-5A4D-3300-B784-15D38AF87EDA}.MinSizeRel|x86.Build.0 = MinSizeRel|x64
		{C61B3339-5A4D-3300-B784-15D38AF87EDA}.Release|Any CPU.ActiveCfg = Release|x64
		{C61B3339-5A4D-3300-B784-15D38AF87EDA}.Release|Any CPU.Build.0 = Release|x64
		{C61B3339-5A4D-3300-B784-15D38AF87EDA}.Release|x64.ActiveCfg = Release|x64
		{C61B3339-5A4D-3300-B784-15D38AF87EDA}.Release|x64.Build.0 = Release|x64
		{C61B3339-5A4D-3300-B784-15D38AF87EDA}.Release|x86.ActiveCfg = Release|x64
		{C61B3339-5A4D-3300-B784-15D38AF87EDA}.Release|x86.Build.0 = Release|x64
		{C61B3339-5A4D-3300-B784-15D38AF87EDA}.RelWithDebInfo|Any CPU.ActiveCfg = RelWithDebInfo|x64
		{C61B3339-5A4D-3300-B784-15D38AF87EDA}.RelWithDebInfo|Any CPU.Build.0 = RelWithDebInfo|x64
		{C61B3339-5A4D-3300-B784-15D38AF87EDA}.RelWithDebInfo|x64.ActiveCfg = RelWithDebInfo|x64
		{C61B3339-5A4D-3300-B784-15D38AF87EDA}.RelWithDebInfo|x64.Build.0 = RelWithDebInfo|x64
		{C61B3339-5A4D-3300-B784-15D38AF87EDA}.RelWithDebInfo|x86.ActiveCfg = RelWithDebInfo|x64
		{C61B3339-5A4D-3300-B784-15D38AF87EDA}.RelWithDebInfo|x86.Build.0 = RelWithDebInfo|x64
	EndGlobalSection
	GlobalSection(SolutionProperties) = preSolution
		HideSolutionNode = FALSE
	EndGlobalSection
	GlobalSection(NestedProjects) = preSolution
		{DB017C9D-6E1A-46EA-940E-5EBE0D122A0D} = {0A186367-E6BE-4429-9F4D-399843A4716E}
		{648172D9-C82E-4D5B-B6F1-7875AFD81402} = {0A186367-E6BE-4429-9F4D-399843A4716E}
		{47AB1DD6-11A7-4F0E-81F5-67AF87BF3810} = {9082B97A-9A87-497B-9D0C-2CD2CC3B24F0}
		{20F8F450-F420-4850-9198-460966F00CB9} = {7A79CBE3-B2CB-4E81-A760-E1EDD38D0CA5}
		{E8D701E4-CD52-428A-82B0-28F4E21F3CBC} = {7A79CBE3-B2CB-4E81-A760-E1EDD38D0CA5}
		{B3F98EDE-0E2A-4964-A833-071C1DA5FDAE} = {29FE6F04-6094-404A-9773-F4F27228EEEC}
		{41D484D5-15DE-46E6-ADEF-EDAF0E74FF04} = {29FE6F04-6094-404A-9773-F4F27228EEEC}
		{66B84056-273F-4AF5-A312-0A87A63A3352} = {9A82FA03-4BA5-4CE4-9D2A-16E3AB5F506B}
		{4F3D1871-5107-415C-8459-448FAC933386} = {66B84056-273F-4AF5-A312-0A87A63A3352}
		{29FE6F04-6094-404A-9773-F4F27228EEEC} = {9A82FA03-4BA5-4CE4-9D2A-16E3AB5F506B}
		{EC8AC45D-56AE-4394-AF66-CE62808F29CA} = {66B84056-273F-4AF5-A312-0A87A63A3352}
		{4FA73163-AAC3-40D3-BFBE-BC3BF668B2D1} = {66B84056-273F-4AF5-A312-0A87A63A3352}
		{029A9F78-2549-46FF-B365-4266A535E6E4} = {DDE1C704-41D1-48DC-A5BD-AC839AE6B75B}
		{DDE1C704-41D1-48DC-A5BD-AC839AE6B75B} = {66B84056-273F-4AF5-A312-0A87A63A3352}
		{0E400837-67C8-4794-A79F-C912527EB0F8} = {4F3D1871-5107-415C-8459-448FAC933386}
		{42B32F92-7B49-4D45-8F10-46B17E294C82} = {66B84056-273F-4AF5-A312-0A87A63A3352}
		{7A9416FA-8A5E-4B9F-B941-784F3B3BA51C} = {42B32F92-7B49-4D45-8F10-46B17E294C82}
		{16C71F54-E749-4A45-9CED-58C2251F4B7F} = {9A82FA03-4BA5-4CE4-9D2A-16E3AB5F506B}
		{87D1E012-504B-4437-B025-0A4AEFE8C1F2} = {5B56BE34-C812-4C7E-9522-37668F1C3ECC}
		{2559850E-93EB-4095-AC4B-6E94F1DD40C0} = {5B56BE34-C812-4C7E-9522-37668F1C3ECC}
		{36AEF810-29B4-48CB-BEC7-672176AB1E46} = {E946E1B7-0807-428B-85E1-7BC144572024}
		{A5B71710-1069-4FC2-8032-C234E0B90BC0} = {E946E1B7-0807-428B-85E1-7BC144572024}
		{8B80DBDF-A0B9-46E2-865B-4D42A092BD15} = {9082B97A-9A87-497B-9D0C-2CD2CC3B24F0}
		{CAA51B31-2B28-4C37-BB66-FA85762AAF8F} = {9082B97A-9A87-497B-9D0C-2CD2CC3B24F0}
		{53325655-FD23-4EB2-A353-F61425888374} = {9082B97A-9A87-497B-9D0C-2CD2CC3B24F0}
		{9C785013-4B86-4CD4-836C-B5A2D2A9C6EC} = {E946E1B7-0807-428B-85E1-7BC144572024}
		{E4CF8C2E-833C-481B-BA2C-E8FAA3FEEBB9} = {E946E1B7-0807-428B-85E1-7BC144572024}
		{CAC0D4C2-D102-4A86-9EDC-6F8844129E76} = {0A186367-E6BE-4429-9F4D-399843A4716E}
		{E495BF49-D4E8-4C17-9528-BF724A4064C7} = {0A186367-E6BE-4429-9F4D-399843A4716E}
		{4ADE4E0E-6BE5-4F8E-8C54-FB1A93DB7C47} = {E946E1B7-0807-428B-85E1-7BC144572024}
		{38F10E99-94B2-4DF2-80F2-3DD7319728A4} = {9082B97A-9A87-497B-9D0C-2CD2CC3B24F0}
		{0A15349B-BF8C-4F8A-BEF6-1F6BA631690B} = {9082B97A-9A87-497B-9D0C-2CD2CC3B24F0}
		{13FB6A68-238E-459C-ABA3-4EA7CDE9CCED} = {0A186367-E6BE-4429-9F4D-399843A4716E}
		{BAD36D97-0A4A-4714-AE0C-CF6EA92D0724} = {E946E1B7-0807-428B-85E1-7BC144572024}
		{C61B3339-5A4D-3300-B784-15D38AF87EDA} = {457B3F2F-ABC8-49A4-954D-CF1A41F2FAD8}
	EndGlobalSection
	GlobalSection(ExtensibilityGlobals) = postSolution
		SolutionGuid = {CB8D1469-ACB1-4735-A3C8-DA8F4221D2E4}
	EndGlobalSection
EndGlobal
