<?xml version="1.0" encoding="utf-8"?>
<Project ToolsVersion="4.0" xmlns="http://schemas.microsoft.com/developer/msbuild/2003">
  <ItemGroup>
    <ClInclude Include="Platforms\Windows.h" />
    <ClInclude Include="Platforms\Platform.h" />
    <ClInclude Include="Platforms\PlatformTypes.h" />
    <ClInclude Include="Graphics\Renderer.h" />
    <ClInclude Include="API\Debugger\Logger.h" />
    <ClInclude Include="API\Renderding\RenderSurface.h" />
    <ClInclude Include="EngineCommon.h" />
  </ItemGroup>
  <ItemGroup>
    <ClCompile Include="Platforms\Platform.cpp" />
  </ItemGroup>
  <ItemGroup>
    <None Include="packages.config" />
  </ItemGroup>
</Project>