Microsoft Visual Studio Solution File, Format Version 12.00
# Visual Studio Version 17
VisualStudioVersion = 17.4.33213.308
MinimumVisualStudioVersion = 10.0.40219.1
Project("{9A19103F-16F7-4668-BE54-9A1E7A4F7556}") = "Assembly-Runtime", "Assembly-Runtime.csproj", "{ACECC10A-FB6C-4264-A411-00503CEBA706}"
EndProject
Project("{9A19103F-16F7-4668-BE54-9A1E7A4F7556}") = "Assembly-Editor", "Assembly-Editor.csproj", "{782EC87E-392D-4347-8850-2C7C308C6373}"
	ProjectSection(ProjectDependencies) = postProject
		{ACECC10A-FB6C-4264-A411-00503CEBA706} = {ACECC10A-FB6C-4264-A411-00503CEBA706}
	EndProjectSection
EndProject
Global
	GlobalSection(SolutionConfigurationPlatforms) = preSolution
		Debug|Any CPU = Debug|Any CPU
		EditorDebug|Any CPU = EditorDebug|Any CPU
		EditorRelease|Any CPU = EditorRelease|Any CPU
		Release|Any CPU = Release|Any CPU
	EndGlobalSection
	GlobalSection(ProjectConfigurationPlatforms) = postSolution
		{ACECC10A-FB6C-4264-A411-00503CEBA706}.Debug|Any CPU.ActiveCfg = Debug|Any CPU
		{ACECC10A-FB6C-4264-A411-00503CEBA706}.Debug|Any CPU.Build.0 = Debug|Any CPU
		{ACECC10A-FB6C-4264-A411-00503CEBA706}.EditorDebug|Any CPU.ActiveCfg = Debug|Any CPU
		{ACECC10A-FB6C-4264-A411-00503CEBA706}.EditorDebug|Any CPU.Build.0 = Debug|Any CPU
		{ACECC10A-FB6C-4264-A411-00503CEBA706}.EditorRelease|Any CPU.ActiveCfg = Release|Any CPU
		{ACECC10A-FB6C-4264-A411-00503CEBA706}.EditorRelease|Any CPU.Build.0 = Release|Any CPU
		{ACECC10A-FB6C-4264-A411-00503CEBA706}.Release|Any CPU.ActiveCfg = Release|Any CPU
		{ACECC10A-FB6C-4264-A411-00503CEBA706}.Release|Any CPU.Build.0 = Release|Any CPU
		{782EC87E-392D-4347-8850-2C7C308C6373}.Debug|Any CPU.ActiveCfg = Debug|Any CPU
		{782EC87E-392D-4347-8850-2C7C308C6373}.Debug|Any CPU.Build.0 = Debug|Any CPU
		{782EC87E-392D-4347-8850-2C7C308C6373}.EditorDebug|Any CPU.ActiveCfg = Debug|Any CPU
		{782EC87E-392D-4347-8850-2C7C308C6373}.EditorDebug|Any CPU.Build.0 = Debug|Any CPU
		{782EC87E-392D-4347-8850-2C7C308C6373}.EditorRelease|Any CPU.ActiveCfg = Release|Any CPU
		{782EC87E-392D-4347-8850-2C7C308C6373}.EditorRelease|Any CPU.Build.0 = Release|Any CPU
		{782EC87E-392D-4347-8850-2C7C308C6373}.Release|Any CPU.ActiveCfg = Release|Any CPU
		{782EC87E-392D-4347-8850-2C7C308C6373}.Release|Any CPU.Build.0 = Release|Any CPU
	EndGlobalSection
	GlobalSection(SolutionProperties) = preSolution
		HideSolutionNode = FALSE
	EndGlobalSection
	GlobalSection(ExtensibilityGlobals) = postSolution
		SolutionGuid = {6AE215B0-2F45-493A-818C-A6BBF4B99249}
	EndGlobalSection
EndGlobal
